\section{Introduction}
\section{Polar}
\section{Regressions}
\section{Probabilities}
\section{Sequences}
\section{Radices}
\subsection{Section 5.1\ Exercises}
\subsubsection*{P1 {\footnotesize\hyperref[probP1]{(probP1)} \normalsize}}
 \markboth{Chapter\ 5\ \ Radices}{Solutions: P1}
 \InputIfFileExists{solutions/probP1}{}{No Solution File Found}
\subsubsection*{P2 {\footnotesize\hyperref[probP2]{(probP2)} \normalsize}}
 \markboth{Chapter\ 5\ \ Radices}{Solutions: P2}
 \InputIfFileExists{solutions/probP2}{}{No Solution File Found}
\subsubsection*{P3 {\footnotesize\hyperref[probP3]{(probP3)} \normalsize}}
 \markboth{Chapter\ 5\ \ Radices}{Solutions: P3}
 \InputIfFileExists{solutions/probP3}{}{No Solution File Found}
\section{Prerequisites}
\subsection{Section A.1\ Exercises}
\subsubsection*{P1 {\footnotesize\hyperref[AASet1]{(AASet1)} \normalsize}}
 \markboth{Chapter\ A\ \ Prerequisites}{Solutions: P1}
 \InputIfFileExists{solutions/AASet1}{}{No Solution File Found}
\subsubsection*{P2 {\footnotesize\hyperref[AASet2]{(AASet2)} \normalsize}}
 \markboth{Chapter\ A\ \ Prerequisites}{Solutions: P2}
 \InputIfFileExists{solutions/AASet2}{}{No Solution File Found}
\subsection{Section A.2\ Exercises}
\subsubsection*{P1 {\footnotesize\hyperref[probP1]{(probP1)} \normalsize}}
 \markboth{Chapter\ A\ \ Prerequisites}{Solutions: P1}
 \InputIfFileExists{solutions/probP1}{}{No Solution File Found}
\subsubsection*{P2 {\footnotesize\hyperref[probP2]{(probP2)} \normalsize}}
 \markboth{Chapter\ A\ \ Prerequisites}{Solutions: P2}
 \InputIfFileExists{solutions/probP2}{}{No Solution File Found}
\subsubsection*{P3 {\footnotesize\hyperref[probP3]{(probP3)} \normalsize}}
 \markboth{Chapter\ A\ \ Prerequisites}{Solutions: P3}
 \InputIfFileExists{solutions/probP3}{}{No Solution File Found}
\subsubsection*{P4 {\footnotesize\hyperref[probP4]{(probP4)} \normalsize}}
 \markboth{Chapter\ A\ \ Prerequisites}{Solutions: P4}
 \InputIfFileExists{solutions/probP4}{}{No Solution File Found}
\subsubsection*{P5 {\footnotesize\hyperref[probP5]{(probP5)} \normalsize}}
 \markboth{Chapter\ A\ \ Prerequisites}{Solutions: P5}
 \InputIfFileExists{solutions/probP5}{}{No Solution File Found}
\subsubsection*{P6 {\footnotesize\hyperref[probP6]{(probP6)} \normalsize}}
 \markboth{Chapter\ A\ \ Prerequisites}{Solutions: P6}
 \InputIfFileExists{solutions/probP6}{}{No Solution File Found}
\subsection{Section A.3\ Exercises}
\subsubsection*{P1 {\footnotesize\hyperref[probP1]{(probP1)} \normalsize}}
 \markboth{Chapter\ A\ \ Prerequisites}{Solutions: P1}
 \InputIfFileExists{solutions/probP1}{}{No Solution File Found}
\subsubsection*{P2 {\footnotesize\hyperref[probP2]{(probP2)} \normalsize}}
 \markboth{Chapter\ A\ \ Prerequisites}{Solutions: P2}
 \InputIfFileExists{solutions/probP2}{}{No Solution File Found}
\subsubsection*{P3 {\footnotesize\hyperref[probP3]{(probP3)} \normalsize}}
 \markboth{Chapter\ A\ \ Prerequisites}{Solutions: P3}
 \InputIfFileExists{solutions/probP3}{}{No Solution File Found}
\subsubsection*{P4 {\footnotesize\hyperref[probP4]{(probP4)} \normalsize}}
 \markboth{Chapter\ A\ \ Prerequisites}{Solutions: P4}
 \InputIfFileExists{solutions/probP4}{}{No Solution File Found}
\subsubsection*{P5 {\footnotesize\hyperref[probP5]{(probP5)} \normalsize}}
 \markboth{Chapter\ A\ \ Prerequisites}{Solutions: P5}
 \InputIfFileExists{solutions/probP5}{}{No Solution File Found}
\subsubsection*{P6 {\footnotesize\hyperref[probP6]{(probP6)} \normalsize}}
 \markboth{Chapter\ A\ \ Prerequisites}{Solutions: P6}
 \InputIfFileExists{solutions/probP6}{}{No Solution File Found}
\subsubsection*{P7 {\footnotesize\hyperref[probP7]{(probP7)} \normalsize}}
 \markboth{Chapter\ A\ \ Prerequisites}{Solutions: P7}
 \InputIfFileExists{solutions/probP7}{}{No Solution File Found}
\subsubsection*{P8 {\footnotesize\hyperref[probP8]{(probP8)} \normalsize}}
 \markboth{Chapter\ A\ \ Prerequisites}{Solutions: P8}
 \InputIfFileExists{solutions/probP8}{}{No Solution File Found}
\subsubsection*{P9 {\footnotesize\hyperref[probP9]{(probP9)} \normalsize}}
 \markboth{Chapter\ A\ \ Prerequisites}{Solutions: P9}
 \InputIfFileExists{solutions/probP9}{}{No Solution File Found}
\subsubsection*{P10 {\footnotesize\hyperref[probP10]{(probP10)} \normalsize}}
 \markboth{Chapter\ A\ \ Prerequisites}{Solutions: P10}
 \InputIfFileExists{solutions/probP10}{}{No Solution File Found}
\subsubsection*{P11 {\footnotesize\hyperref[probP11]{(probP11)} \normalsize}}
 \markboth{Chapter\ A\ \ Prerequisites}{Solutions: P11}
 \InputIfFileExists{solutions/probP11}{}{No Solution File Found}
\subsection{Section A.4\ Exercises}
\subsubsection*{P1 {\footnotesize\hyperref[probP1]{(probP1)} \normalsize}}
 \markboth{Chapter\ A\ \ Prerequisites}{Solutions: P1}
 \InputIfFileExists{solutions/probP1}{}{No Solution File Found}
\subsubsection*{P2 {\footnotesize\hyperref[probP2]{(probP2)} \normalsize}}
 \markboth{Chapter\ A\ \ Prerequisites}{Solutions: P2}
 \InputIfFileExists{solutions/probP2}{}{No Solution File Found}
\subsubsection*{P3 {\footnotesize\hyperref[probP3]{(probP3)} \normalsize}}
 \markboth{Chapter\ A\ \ Prerequisites}{Solutions: P3}
 \InputIfFileExists{solutions/probP3}{}{No Solution File Found}
\subsubsection*{P4 {\footnotesize\hyperref[probP4]{(probP4)} \normalsize}}
 \markboth{Chapter\ A\ \ Prerequisites}{Solutions: P4}
 \InputIfFileExists{solutions/probP4}{}{No Solution File Found}
\subsubsection*{P5 {\footnotesize\hyperref[probP5]{(probP5)} \normalsize}}
 \markboth{Chapter\ A\ \ Prerequisites}{Solutions: P5}
 \InputIfFileExists{solutions/probP5}{}{No Solution File Found}
\subsubsection*{P6 {\footnotesize\hyperref[probP6]{(probP6)} \normalsize}}
 \markboth{Chapter\ A\ \ Prerequisites}{Solutions: P6}
 \InputIfFileExists{solutions/probP6}{}{No Solution File Found}
\subsection{Section A.6\ Exercises}
\subsubsection*{P1 {\footnotesize\hyperref[AA06CubeDifference]{(AA06CubeDifference)} \normalsize}}
 \markboth{Chapter\ A\ \ Prerequisites}{Solutions: P1}
 \InputIfFileExists{solutions/AA06CubeDifference}{}{No Solution File Found}
\subsubsection*{P2 {\footnotesize\hyperref[AA06CubeSum]{(AA06CubeSum)} \normalsize}}
 \markboth{Chapter\ A\ \ Prerequisites}{Solutions: P2}
 \InputIfFileExists{solutions/AA06CubeSum}{}{No Solution File Found}
\subsubsection*{P3 {\footnotesize\hyperref[AA06CS]{(AA06CS)} \normalsize}}
 \markboth{Chapter\ A\ \ Prerequisites}{Solutions: P3}
 \InputIfFileExists{solutions/AA06CS}{}{No Solution File Found}
\subsubsection*{P4 {\footnotesize\hyperref[AA06QF]{(AA06QF)} \normalsize}}
 \markboth{Chapter\ A\ \ Prerequisites}{Solutions: P4}
 \InputIfFileExists{solutions/AA06QF}{}{No Solution File Found}
\subsubsection*{P5 {\footnotesize\hyperref[AA06Root]{(AA06Root)} \normalsize}}
 \markboth{Chapter\ A\ \ Prerequisites}{Solutions: P5}
 \InputIfFileExists{solutions/AA06Root}{}{No Solution File Found}
\subsubsection*{P6 {\footnotesize\hyperref[AA06Factor]{(AA06Factor)} \normalsize}}
 \markboth{Chapter\ A\ \ Prerequisites}{Solutions: P6}
 \InputIfFileExists{solutions/AA06Factor}{}{No Solution File Found}
\subsubsection*{P7 {\footnotesize\hyperref[AA06Split]{(AA06Split)} \normalsize}}
 \markboth{Chapter\ A\ \ Prerequisites}{Solutions: P7}
 \InputIfFileExists{solutions/AA06Split}{}{No Solution File Found}
\subsubsection*{P8 {\footnotesize\hyperref[AA06Hard]{(AA06Hard)} \normalsize}}
 \markboth{Chapter\ A\ \ Prerequisites}{Solutions: P8}
 \InputIfFileExists{solutions/AA06Hard}{}{No Solution File Found}
\subsubsection*{P9 {\footnotesize\hyperref[AA06Disc]{(AA06Disc)} \normalsize}}
 \markboth{Chapter\ A\ \ Prerequisites}{Solutions: P9}
 \InputIfFileExists{solutions/AA06Disc}{}{No Solution File Found}
\section{Matrices}
\section{Vectors}
\section{Conics}
\subsection{D.1\ -\ Mirror, Mirror, in R3}
\subsubsection*{L1 {\footnotesize\hyperref[]{()} \normalsize}}
 \markboth{Chapter\ D\ \ Conics}{Solutions: L1}
 \InputIfFileExists{solutions/}{}{No Solution File Found}
\subsubsection*{L2 {\footnotesize\hyperref[]{()} \normalsize}}
 \markboth{Chapter\ D\ \ Conics}{Solutions: L2}
 \InputIfFileExists{solutions/}{}{No Solution File Found}
\subsubsection*{L3 {\footnotesize\hyperref[]{()} \normalsize}}
 \markboth{Chapter\ D\ \ Conics}{Solutions: L3}
 \InputIfFileExists{solutions/}{}{No Solution File Found}
\subsubsection*{L4 {\footnotesize\hyperref[]{()} \normalsize}}
 \markboth{Chapter\ D\ \ Conics}{Solutions: L4}
 \InputIfFileExists{solutions/}{}{No Solution File Found}
\subsubsection*{L5 {\footnotesize\hyperref[]{()} \normalsize}}
 \markboth{Chapter\ D\ \ Conics}{Solutions: L5}
 \InputIfFileExists{solutions/}{}{No Solution File Found}
\subsubsection*{L6 {\footnotesize\hyperref[]{()} \normalsize}}
 \markboth{Chapter\ D\ \ Conics}{Solutions: L6}
 \InputIfFileExists{solutions/}{}{No Solution File Found}
\subsubsection*{L7 {\footnotesize\hyperref[]{()} \normalsize}}
 \markboth{Chapter\ D\ \ Conics}{Solutions: L7}
 \InputIfFileExists{solutions/}{}{No Solution File Found}
\subsubsection*{L8 {\footnotesize\hyperref[]{()} \normalsize}}
 \markboth{Chapter\ D\ \ Conics}{Solutions: L8}
 \InputIfFileExists{solutions/}{}{No Solution File Found}
\subsubsection*{L9 {\footnotesize\hyperref[]{()} \normalsize}}
 \markboth{Chapter\ D\ \ Conics}{Solutions: L9}
 \InputIfFileExists{solutions/}{}{No Solution File Found}
\subsubsection*{L10 {\footnotesize\hyperref[]{()} \normalsize}}
 \markboth{Chapter\ D\ \ Conics}{Solutions: L10}
 \InputIfFileExists{solutions/}{}{No Solution File Found}
\section{Solutions}
\section{Bibliography}
