\chapter*{Introduction}
\addcontentsline{toc}{chapter}{Introduction}
\chapter*{Functions}
\addcontentsline{toc}{chapter}{Functions}
\section*{Section 1.1\ Lab (Patterns All Around Us)}
\addcontentsline{toc}{section}{Section 1.1\ Lab (Patterns All Around Us)}
\subsection*{L1 {\footnotesize\hyperref[lab:L1]{(lab:L1)} \normalsize}}
 \addcontentsline{toc}{subsection}{L1 (lab:L1)}
 \markboth{Chapter\ 1\ \ Functions}{Solutions: L1}
 \begin{itemize}
 \item[]
 \InputIfFileExists{solutions/lab:L1}{}{No Solution File Found}
 \end{itemize} \hrule
\subsection*{L2 {\footnotesize\hyperref[lab:L2]{(lab:L2)} \normalsize}}
 \addcontentsline{toc}{subsection}{L2 (lab:L2)}
 \markboth{Chapter\ 1\ \ Functions}{Solutions: L2}
 \begin{itemize}
 \item[]
 \InputIfFileExists{solutions/lab:L2}{}{No Solution File Found}
 \end{itemize} \hrule
\subsection*{L3 {\footnotesize\hyperref[lab:L3]{(lab:L3)} \normalsize}}
 \addcontentsline{toc}{subsection}{L3 (lab:L3)}
 \markboth{Chapter\ 1\ \ Functions}{Solutions: L3}
 \begin{itemize}
 \item[]
 \InputIfFileExists{solutions/lab:L3}{}{No Solution File Found}
 \end{itemize} \hrule
\subsection*{L4 {\footnotesize\hyperref[lab:L4]{(lab:L4)} \normalsize}}
 \addcontentsline{toc}{subsection}{L4 (lab:L4)}
 \markboth{Chapter\ 1\ \ Functions}{Solutions: L4}
 \begin{itemize}
 \item[]
 \InputIfFileExists{solutions/lab:L4}{}{No Solution File Found}
 \end{itemize} \hrule
\subsection*{L5 {\footnotesize\hyperref[lab:L5]{(lab:L5)} \normalsize}}
 \addcontentsline{toc}{subsection}{L5 (lab:L5)}
 \markboth{Chapter\ 1\ \ Functions}{Solutions: L5}
 \begin{itemize}
 \item[]
 \InputIfFileExists{solutions/lab:L5}{}{No Solution File Found}
 \end{itemize} \hrule
\subsection*{L6 {\footnotesize\hyperref[lab:L6]{(lab:L6)} \normalsize}}
 \addcontentsline{toc}{subsection}{L6 (lab:L6)}
 \markboth{Chapter\ 1\ \ Functions}{Solutions: L6}
 \begin{itemize}
 \item[]
 \InputIfFileExists{solutions/lab:L6}{}{No Solution File Found}
 \end{itemize} \hrule
\subsection*{L7 {\footnotesize\hyperref[lab:L7]{(lab:L7)} \normalsize}}
 \addcontentsline{toc}{subsection}{L7 (lab:L7)}
 \markboth{Chapter\ 1\ \ Functions}{Solutions: L7}
 \begin{itemize}
 \item[]
 \InputIfFileExists{solutions/lab:L7}{}{No Solution File Found}
 \end{itemize} \hrule
\subsection*{L8 {\footnotesize\hyperref[lab:L8]{(lab:L8)} \normalsize}}
 \addcontentsline{toc}{subsection}{L8 (lab:L8)}
 \markboth{Chapter\ 1\ \ Functions}{Solutions: L8}
 \begin{itemize}
 \item[]
 \InputIfFileExists{solutions/lab:L8}{}{No Solution File Found}
 \end{itemize} \hrule
\section*{Section 1.4\ Lab (Through the Looking Glass)}
\addcontentsline{toc}{section}{Section 1.4\ Lab (Through the Looking Glass)}
\subsection*{L1 {\footnotesize\hyperref[lab:L1]{(lab:L1)} \normalsize}}
 \addcontentsline{toc}{subsection}{L1 (lab:L1)}
 \markboth{Chapter\ 1\ \ Functions}{Solutions: L1}
 \begin{itemize}
 \item[]
 \InputIfFileExists{solutions/lab:L1}{}{No Solution File Found}
 \end{itemize} \hrule
\subsection*{L2 {\footnotesize\hyperref[lab:L2]{(lab:L2)} \normalsize}}
 \addcontentsline{toc}{subsection}{L2 (lab:L2)}
 \markboth{Chapter\ 1\ \ Functions}{Solutions: L2}
 \begin{itemize}
 \item[]
 \InputIfFileExists{solutions/lab:L2}{}{No Solution File Found}
 \end{itemize} \hrule
\subsection*{L3 {\footnotesize\hyperref[lab:L3]{(lab:L3)} \normalsize}}
 \addcontentsline{toc}{subsection}{L3 (lab:L3)}
 \markboth{Chapter\ 1\ \ Functions}{Solutions: L3}
 \begin{itemize}
 \item[]
 \InputIfFileExists{solutions/lab:L3}{}{No Solution File Found}
 \end{itemize} \hrule
\subsection*{L4 {\footnotesize\hyperref[lab:L4]{(lab:L4)} \normalsize}}
 \addcontentsline{toc}{subsection}{L4 (lab:L4)}
 \markboth{Chapter\ 1\ \ Functions}{Solutions: L4}
 \begin{itemize}
 \item[]
 \InputIfFileExists{solutions/lab:L4}{}{No Solution File Found}
 \end{itemize} \hrule
\subsection*{L5 {\footnotesize\hyperref[lab:L5]{(lab:L5)} \normalsize}}
 \addcontentsline{toc}{subsection}{L5 (lab:L5)}
 \markboth{Chapter\ 1\ \ Functions}{Solutions: L5}
 \begin{itemize}
 \item[]
 \InputIfFileExists{solutions/lab:L5}{}{No Solution File Found}
 \end{itemize} \hrule
\subsection*{L6 {\footnotesize\hyperref[lab:L6]{(lab:L6)} \normalsize}}
 \addcontentsline{toc}{subsection}{L6 (lab:L6)}
 \markboth{Chapter\ 1\ \ Functions}{Solutions: L6}
 \begin{itemize}
 \item[]
 \InputIfFileExists{solutions/lab:L6}{}{No Solution File Found}
 \end{itemize} \hrule
\subsection*{L7 {\footnotesize\hyperref[lab:L7]{(lab:L7)} \normalsize}}
 \addcontentsline{toc}{subsection}{L7 (lab:L7)}
 \markboth{Chapter\ 1\ \ Functions}{Solutions: L7}
 \begin{itemize}
 \item[]
 \InputIfFileExists{solutions/lab:L7}{}{No Solution File Found}
 \end{itemize} \hrule
\subsection*{L8 {\footnotesize\hyperref[lab:L8]{(lab:L8)} \normalsize}}
 \addcontentsline{toc}{subsection}{L8 (lab:L8)}
 \markboth{Chapter\ 1\ \ Functions}{Solutions: L8}
 \begin{itemize}
 \item[]
 \InputIfFileExists{solutions/lab:L8}{}{No Solution File Found}
 \end{itemize} \hrule
\subsection*{L9 {\footnotesize\hyperref[lab:L9]{(lab:L9)} \normalsize}}
 \addcontentsline{toc}{subsection}{L9 (lab:L9)}
 \markboth{Chapter\ 1\ \ Functions}{Solutions: L9}
 \begin{itemize}
 \item[]
 \InputIfFileExists{solutions/lab:L9}{}{No Solution File Found}
 \end{itemize} \hrule
\section*{Section 1.5\ Exercises}
\addcontentsline{toc}{section}{Section 1.5\ Exercises}
\subsection*{P1 {\footnotesize\hyperref[0105Quad1]{(0105Quad1)} \normalsize}}
 \addcontentsline{toc}{subsection}{P1 (0105Quad1)}
 \markboth{Chapter\ 1\ \ Functions}{Solutions: P1}
 \begin{itemize}
 \item[]
 \InputIfFileExists{solutions/0105Quad1}{}{No Solution File Found}
 \end{itemize} \hrule
\subsection*{P2 {\footnotesize\hyperref[0105Quad2]{(0105Quad2)} \normalsize}}
 \addcontentsline{toc}{subsection}{P2 (0105Quad2)}
 \markboth{Chapter\ 1\ \ Functions}{Solutions: P2}
 \begin{itemize}
 \item[]
 \InputIfFileExists{solutions/0105Quad2}{}{No Solution File Found}
 \end{itemize} \hrule
\subsection*{P3 {\footnotesize\hyperref[0105Arch]{(0105Arch)} \normalsize}}
 \addcontentsline{toc}{subsection}{P3 (0105Arch)}
 \markboth{Chapter\ 1\ \ Functions}{Solutions: P3}
 \begin{itemize}
 \item[]
 \InputIfFileExists{solutions/0105Arch}{}{No Solution File Found}
 \end{itemize} \hrule
\subsection*{P4 {\footnotesize\hyperref[0105ModelDay]{(0105ModelDay)} \normalsize}}
 \addcontentsline{toc}{subsection}{P4 (0105ModelDay)}
 \markboth{Chapter\ 1\ \ Functions}{Solutions: P4}
 \begin{itemize}
 \item[]
 \InputIfFileExists{solutions/0105ModelDay}{}{No Solution File Found}
 \end{itemize} \hrule
\subsection*{P5 {\footnotesize\hyperref[0105Hourly]{(0105Hourly)} \normalsize}}
 \addcontentsline{toc}{subsection}{P5 (0105Hourly)}
 \markboth{Chapter\ 1\ \ Functions}{Solutions: P5}
 \begin{itemize}
 \item[]
 \InputIfFileExists{solutions/0105Hourly}{}{No Solution File Found}
 \end{itemize} \hrule
\subsection*{P6 {\footnotesize\hyperref[0105traffic]{(0105traffic)} \normalsize}}
 \addcontentsline{toc}{subsection}{P6 (0105traffic)}
 \markboth{Chapter\ 1\ \ Functions}{Solutions: P6}
 \begin{itemize}
 \item[]
 \InputIfFileExists{solutions/0105traffic}{}{No Solution File Found}
 \end{itemize} \hrule
\subsection*{P7 {\footnotesize\hyperref[0105LM1]{(0105LM1)} \normalsize}}
 \addcontentsline{toc}{subsection}{P7 (0105LM1)}
 \markboth{Chapter\ 1\ \ Functions}{Solutions: P7}
 \begin{itemize}
 \item[]
 \InputIfFileExists{solutions/0105LM1}{}{No Solution File Found}
 \end{itemize} \hrule
\subsection*{P8 {\footnotesize\hyperref[0105LM2]{(0105LM2)} \normalsize}}
 \addcontentsline{toc}{subsection}{P8 (0105LM2)}
 \markboth{Chapter\ 1\ \ Functions}{Solutions: P8}
 \begin{itemize}
 \item[]
 \InputIfFileExists{solutions/0105LM2}{}{No Solution File Found}
 \end{itemize} \hrule
\subsection*{P9 {\footnotesize\hyperref[0105high]{(0105high)} \normalsize}}
 \addcontentsline{toc}{subsection}{P9 (0105high)}
 \markboth{Chapter\ 1\ \ Functions}{Solutions: P9}
 \begin{itemize}
 \item[]
 \InputIfFileExists{solutions/0105high}{}{No Solution File Found}
 \end{itemize} \hrule
\subsection*{P10 {\footnotesize\hyperref[0105sun]{(0105sun)} \normalsize}}
 \addcontentsline{toc}{subsection}{P10 (0105sun)}
 \markboth{Chapter\ 1\ \ Functions}{Solutions: P10}
 \begin{itemize}
 \item[]
 \InputIfFileExists{solutions/0105sun}{}{No Solution File Found}
 \end{itemize} \hrule
\subsection*{P11 {\footnotesize\hyperref[0105newton]{(0105newton)} \normalsize}}
 \addcontentsline{toc}{subsection}{P11 (0105newton)}
 \markboth{Chapter\ 1\ \ Functions}{Solutions: P11}
 \begin{itemize}
 \item[]
 \InputIfFileExists{solutions/0105newton}{}{No Solution File Found}
 \end{itemize} \hrule
\chapter*{Limits}
\addcontentsline{toc}{chapter}{Limits}
\section*{Section 2.1\ Lab (Removing the Hole)}
\addcontentsline{toc}{section}{Section 2.1\ Lab (Removing the Hole)}
\subsection*{L1 {\footnotesize\hyperref[lab:L1]{(lab:L1)} \normalsize}}
 \addcontentsline{toc}{subsection}{L1 (lab:L1)}
 \markboth{Chapter\ 2\ \ Limits}{Solutions: L1}
 \begin{itemize}
 \item[]
 \InputIfFileExists{solutions/lab:L1}{}{No Solution File Found}
 \end{itemize} \hrule
\subsection*{L2 {\footnotesize\hyperref[lab:L2]{(lab:L2)} \normalsize}}
 \addcontentsline{toc}{subsection}{L2 (lab:L2)}
 \markboth{Chapter\ 2\ \ Limits}{Solutions: L2}
 \begin{itemize}
 \item[]
 \InputIfFileExists{solutions/lab:L2}{}{No Solution File Found}
 \end{itemize} \hrule
\subsection*{L3 {\footnotesize\hyperref[lab:L3]{(lab:L3)} \normalsize}}
 \addcontentsline{toc}{subsection}{L3 (lab:L3)}
 \markboth{Chapter\ 2\ \ Limits}{Solutions: L3}
 \begin{itemize}
 \item[]
 \InputIfFileExists{solutions/lab:L3}{}{No Solution File Found}
 \end{itemize} \hrule
\subsection*{L4 {\footnotesize\hyperref[lab:L4]{(lab:L4)} \normalsize}}
 \addcontentsline{toc}{subsection}{L4 (lab:L4)}
 \markboth{Chapter\ 2\ \ Limits}{Solutions: L4}
 \begin{itemize}
 \item[]
 \InputIfFileExists{solutions/lab:L4}{}{No Solution File Found}
 \end{itemize} \hrule
\subsection*{L5 {\footnotesize\hyperref[lab:L5]{(lab:L5)} \normalsize}}
 \addcontentsline{toc}{subsection}{L5 (lab:L5)}
 \markboth{Chapter\ 2\ \ Limits}{Solutions: L5}
 \begin{itemize}
 \item[]
 \InputIfFileExists{solutions/lab:L5}{}{No Solution File Found}
 \end{itemize} \hrule
\subsection*{L6 {\footnotesize\hyperref[lab:L6]{(lab:L6)} \normalsize}}
 \addcontentsline{toc}{subsection}{L6 (lab:L6)}
 \markboth{Chapter\ 2\ \ Limits}{Solutions: L6}
 \begin{itemize}
 \item[]
 \InputIfFileExists{solutions/lab:L6}{}{No Solution File Found}
 \end{itemize} \hrule
\subsection*{L7 {\footnotesize\hyperref[lab:L7]{(lab:L7)} \normalsize}}
 \addcontentsline{toc}{subsection}{L7 (lab:L7)}
 \markboth{Chapter\ 2\ \ Limits}{Solutions: L7}
 \begin{itemize}
 \item[]
 \InputIfFileExists{solutions/lab:L7}{}{No Solution File Found}
 \end{itemize} \hrule
\subsection*{L8 {\footnotesize\hyperref[lab:L8]{(lab:L8)} \normalsize}}
 \addcontentsline{toc}{subsection}{L8 (lab:L8)}
 \markboth{Chapter\ 2\ \ Limits}{Solutions: L8}
 \begin{itemize}
 \item[]
 \InputIfFileExists{solutions/lab:L8}{}{No Solution File Found}
 \end{itemize} \hrule
\subsection*{L9 {\footnotesize\hyperref[lab:L9]{(lab:L9)} \normalsize}}
 \addcontentsline{toc}{subsection}{L9 (lab:L9)}
 \markboth{Chapter\ 2\ \ Limits}{Solutions: L9}
 \begin{itemize}
 \item[]
 \InputIfFileExists{solutions/lab:L9}{}{No Solution File Found}
 \end{itemize} \hrule
\subsection*{L10 {\footnotesize\hyperref[lab:L10]{(lab:L10)} \normalsize}}
 \addcontentsline{toc}{subsection}{L10 (lab:L10)}
 \markboth{Chapter\ 2\ \ Limits}{Solutions: L10}
 \begin{itemize}
 \item[]
 \InputIfFileExists{solutions/lab:L10}{}{No Solution File Found}
 \end{itemize} \hrule
\subsection*{L11 {\footnotesize\hyperref[lab:L11]{(lab:L11)} \normalsize}}
 \addcontentsline{toc}{subsection}{L11 (lab:L11)}
 \markboth{Chapter\ 2\ \ Limits}{Solutions: L11}
 \begin{itemize}
 \item[]
 \InputIfFileExists{solutions/lab:L11}{}{No Solution File Found}
 \end{itemize} \hrule
\section*{Section 2.1\ Exercises}
\addcontentsline{toc}{section}{Section 2.1\ Exercises}
\subsection*{P12 {\footnotesize\hyperref[0201Remove1]{(0201Remove1)} \normalsize}}
 \addcontentsline{toc}{subsection}{P12 (0201Remove1)}
 \markboth{Chapter\ 2\ \ Limits}{Solutions: P12}
 \begin{itemize}
 \item[]
 \InputIfFileExists{solutions/0201Remove1}{}{No Solution File Found}
 \end{itemize} \hrule
\subsection*{P13 {\footnotesize\hyperref[0201Remove2]{(0201Remove2)} \normalsize}}
 \addcontentsline{toc}{subsection}{P13 (0201Remove2)}
 \markboth{Chapter\ 2\ \ Limits}{Solutions: P13}
 \begin{itemize}
 \item[]
 \InputIfFileExists{solutions/0201Remove2}{}{No Solution File Found}
 \end{itemize} \hrule
\section*{Section 2.5\ Lab (Extremely Average)}
\addcontentsline{toc}{section}{Section 2.5\ Lab (Extremely Average)}
\subsection*{L1 {\footnotesize\hyperref[lab:L1]{(lab:L1)} \normalsize}}
 \addcontentsline{toc}{subsection}{L1 (lab:L1)}
 \markboth{Chapter\ 2\ \ Limits}{Solutions: L1}
 \begin{itemize}
 \item[]
 \InputIfFileExists{solutions/lab:L1}{}{No Solution File Found}
 \end{itemize} \hrule
\subsection*{L2 {\footnotesize\hyperref[lab:L2]{(lab:L2)} \normalsize}}
 \addcontentsline{toc}{subsection}{L2 (lab:L2)}
 \markboth{Chapter\ 2\ \ Limits}{Solutions: L2}
 \begin{itemize}
 \item[]
 \InputIfFileExists{solutions/lab:L2}{}{No Solution File Found}
 \end{itemize} \hrule
\subsection*{L3 {\footnotesize\hyperref[lab:L3]{(lab:L3)} \normalsize}}
 \addcontentsline{toc}{subsection}{L3 (lab:L3)}
 \markboth{Chapter\ 2\ \ Limits}{Solutions: L3}
 \begin{itemize}
 \item[]
 \InputIfFileExists{solutions/lab:L3}{}{No Solution File Found}
 \end{itemize} \hrule
\subsection*{L4 {\footnotesize\hyperref[lab:L4]{(lab:L4)} \normalsize}}
 \addcontentsline{toc}{subsection}{L4 (lab:L4)}
 \markboth{Chapter\ 2\ \ Limits}{Solutions: L4}
 \begin{itemize}
 \item[]
 \InputIfFileExists{solutions/lab:L4}{}{No Solution File Found}
 \end{itemize} \hrule
\subsection*{L5 {\footnotesize\hyperref[lab:L5]{(lab:L5)} \normalsize}}
 \addcontentsline{toc}{subsection}{L5 (lab:L5)}
 \markboth{Chapter\ 2\ \ Limits}{Solutions: L5}
 \begin{itemize}
 \item[]
 \InputIfFileExists{solutions/lab:L5}{}{No Solution File Found}
 \end{itemize} \hrule
\subsection*{L6 {\footnotesize\hyperref[lab:L6]{(lab:L6)} \normalsize}}
 \addcontentsline{toc}{subsection}{L6 (lab:L6)}
 \markboth{Chapter\ 2\ \ Limits}{Solutions: L6}
 \begin{itemize}
 \item[]
 \InputIfFileExists{solutions/lab:L6}{}{No Solution File Found}
 \end{itemize} \hrule
\subsection*{L7 {\footnotesize\hyperref[lab:L7]{(lab:L7)} \normalsize}}
 \addcontentsline{toc}{subsection}{L7 (lab:L7)}
 \markboth{Chapter\ 2\ \ Limits}{Solutions: L7}
 \begin{itemize}
 \item[]
 \InputIfFileExists{solutions/lab:L7}{}{No Solution File Found}
 \end{itemize} \hrule
\chapter*{Parents}
\addcontentsline{toc}{chapter}{Parents}
\section*{Section 3.1\ Lab (In Pieces)}
\addcontentsline{toc}{section}{Section 3.1\ Lab (In Pieces)}
\subsection*{L1 {\footnotesize\hyperref[lab:L1]{(lab:L1)} \normalsize}}
 \addcontentsline{toc}{subsection}{L1 (lab:L1)}
 \markboth{Chapter\ 3\ \ Parents}{Solutions: L1}
 \begin{itemize}
 \item[]
 \InputIfFileExists{solutions/lab:L1}{}{No Solution File Found}
 \end{itemize} \hrule
\subsection*{L2 {\footnotesize\hyperref[lab:L2]{(lab:L2)} \normalsize}}
 \addcontentsline{toc}{subsection}{L2 (lab:L2)}
 \markboth{Chapter\ 3\ \ Parents}{Solutions: L2}
 \begin{itemize}
 \item[]
 \InputIfFileExists{solutions/lab:L2}{}{No Solution File Found}
 \end{itemize} \hrule
\subsection*{L3 {\footnotesize\hyperref[lab:L3]{(lab:L3)} \normalsize}}
 \addcontentsline{toc}{subsection}{L3 (lab:L3)}
 \markboth{Chapter\ 3\ \ Parents}{Solutions: L3}
 \begin{itemize}
 \item[]
 \InputIfFileExists{solutions/lab:L3}{}{No Solution File Found}
 \end{itemize} \hrule
\subsection*{L4 {\footnotesize\hyperref[lab:L4]{(lab:L4)} \normalsize}}
 \addcontentsline{toc}{subsection}{L4 (lab:L4)}
 \markboth{Chapter\ 3\ \ Parents}{Solutions: L4}
 \begin{itemize}
 \item[]
 \InputIfFileExists{solutions/lab:L4}{}{No Solution File Found}
 \end{itemize} \hrule
\subsection*{L5 {\footnotesize\hyperref[lab:L5]{(lab:L5)} \normalsize}}
 \addcontentsline{toc}{subsection}{L5 (lab:L5)}
 \markboth{Chapter\ 3\ \ Parents}{Solutions: L5}
 \begin{itemize}
 \item[]
 \InputIfFileExists{solutions/lab:L5}{}{No Solution File Found}
 \end{itemize} \hrule
\subsection*{L6 {\footnotesize\hyperref[lab:L6]{(lab:L6)} \normalsize}}
 \addcontentsline{toc}{subsection}{L6 (lab:L6)}
 \markboth{Chapter\ 3\ \ Parents}{Solutions: L6}
 \begin{itemize}
 \item[]
 \InputIfFileExists{solutions/lab:L6}{}{No Solution File Found}
 \end{itemize} \hrule
\subsection*{L7 {\footnotesize\hyperref[lab:L7]{(lab:L7)} \normalsize}}
 \addcontentsline{toc}{subsection}{L7 (lab:L7)}
 \markboth{Chapter\ 3\ \ Parents}{Solutions: L7}
 \begin{itemize}
 \item[]
 \InputIfFileExists{solutions/lab:L7}{}{No Solution File Found}
 \end{itemize} \hrule
\subsection*{L8 {\footnotesize\hyperref[lab:L8]{(lab:L8)} \normalsize}}
 \addcontentsline{toc}{subsection}{L8 (lab:L8)}
 \markboth{Chapter\ 3\ \ Parents}{Solutions: L8}
 \begin{itemize}
 \item[]
 \InputIfFileExists{solutions/lab:L8}{}{No Solution File Found}
 \end{itemize} \hrule
\section*{Section 3.1\ Exercises}
\addcontentsline{toc}{section}{Section 3.1\ Exercises}
\subsection*{P9 {\footnotesize\hyperref[0301ParaPerpA]{(0301ParaPerpA)} \normalsize}}
 \addcontentsline{toc}{subsection}{P9 (0301ParaPerpA)}
 \markboth{Chapter\ 3\ \ Parents}{Solutions: P9}
 \begin{itemize}
 \item[]
 \InputIfFileExists{solutions/0301ParaPerpA}{}{No Solution File Found}
 \end{itemize} \hrule
\subsection*{P10 {\footnotesize\hyperref[0301ParaPerpB]{(0301ParaPerpB)} \normalsize}}
 \addcontentsline{toc}{subsection}{P10 (0301ParaPerpB)}
 \markboth{Chapter\ 3\ \ Parents}{Solutions: P10}
 \begin{itemize}
 \item[]
 \InputIfFileExists{solutions/0301ParaPerpB}{}{No Solution File Found}
 \end{itemize} \hrule
\subsection*{P11 {\footnotesize\hyperref[0301GrapherA]{(0301GrapherA)} \normalsize}}
 \addcontentsline{toc}{subsection}{P11 (0301GrapherA)}
 \markboth{Chapter\ 3\ \ Parents}{Solutions: P11}
 \begin{itemize}
 \item[]
 \InputIfFileExists{solutions/0301GrapherA}{}{No Solution File Found}
 \end{itemize} \hrule
\subsection*{P12 {\footnotesize\hyperref[0301GrapherB]{(0301GrapherB)} \normalsize}}
 \addcontentsline{toc}{subsection}{P12 (0301GrapherB)}
 \markboth{Chapter\ 3\ \ Parents}{Solutions: P12}
 \begin{itemize}
 \item[]
 \InputIfFileExists{solutions/0301GrapherB}{}{No Solution File Found}
 \end{itemize} \hrule
\subsection*{P13 {\footnotesize\hyperref[0301GrapherC]{(0301GrapherC)} \normalsize}}
 \addcontentsline{toc}{subsection}{P13 (0301GrapherC)}
 \markboth{Chapter\ 3\ \ Parents}{Solutions: P13}
 \begin{itemize}
 \item[]
 \InputIfFileExists{solutions/0301GrapherC}{}{No Solution File Found}
 \end{itemize} \hrule
\subsection*{P14 {\footnotesize\hyperref[0301:GrapherD]{(0301:GrapherD)} \normalsize}}
 \addcontentsline{toc}{subsection}{P14 (0301:GrapherD)}
 \markboth{Chapter\ 3\ \ Parents}{Solutions: P14}
 \begin{itemize}
 \item[]
 \InputIfFileExists{solutions/0301:GrapherD}{}{No Solution File Found}
 \end{itemize} \hrule
\subsection*{P15 {\footnotesize\hyperref[0301TFA]{(0301TFA)} \normalsize}}
 \addcontentsline{toc}{subsection}{P15 (0301TFA)}
 \markboth{Chapter\ 3\ \ Parents}{Solutions: P15}
 \begin{itemize}
 \item[]
 \InputIfFileExists{solutions/0301TFA}{}{No Solution File Found}
 \end{itemize} \hrule
\subsection*{P16 {\footnotesize\hyperref[0301TFB]{(0301TFB)} \normalsize}}
 \addcontentsline{toc}{subsection}{P16 (0301TFB)}
 \markboth{Chapter\ 3\ \ Parents}{Solutions: P16}
 \begin{itemize}
 \item[]
 \InputIfFileExists{solutions/0301TFB}{}{No Solution File Found}
 \end{itemize} \hrule
\subsection*{P17 {\footnotesize\hyperref[0301TFC]{(0301TFC)} \normalsize}}
 \addcontentsline{toc}{subsection}{P17 (0301TFC)}
 \markboth{Chapter\ 3\ \ Parents}{Solutions: P17}
 \begin{itemize}
 \item[]
 \InputIfFileExists{solutions/0301TFC}{}{No Solution File Found}
 \end{itemize} \hrule
\subsection*{P18 {\footnotesize\hyperref[0301TFD]{(0301TFD)} \normalsize}}
 \addcontentsline{toc}{subsection}{P18 (0301TFD)}
 \markboth{Chapter\ 3\ \ Parents}{Solutions: P18}
 \begin{itemize}
 \item[]
 \InputIfFileExists{solutions/0301TFD}{}{No Solution File Found}
 \end{itemize} \hrule
\section*{Section 3.2\ Lab (Zoomed Straight)}
\addcontentsline{toc}{section}{Section 3.2\ Lab (Zoomed Straight)}
\subsection*{L1 {\footnotesize\hyperref[lab:L1]{(lab:L1)} \normalsize}}
 \addcontentsline{toc}{subsection}{L1 (lab:L1)}
 \markboth{Chapter\ 3\ \ Parents}{Solutions: L1}
 \begin{itemize}
 \item[]
 \InputIfFileExists{solutions/lab:L1}{}{No Solution File Found}
 \end{itemize} \hrule
\subsection*{L2 {\footnotesize\hyperref[lab:L2]{(lab:L2)} \normalsize}}
 \addcontentsline{toc}{subsection}{L2 (lab:L2)}
 \markboth{Chapter\ 3\ \ Parents}{Solutions: L2}
 \begin{itemize}
 \item[]
 \InputIfFileExists{solutions/lab:L2}{}{No Solution File Found}
 \end{itemize} \hrule
\subsection*{L3 {\footnotesize\hyperref[]{()} \normalsize}}
 \addcontentsline{toc}{subsection}{L3 ()}
 \markboth{Chapter\ 3\ \ Parents}{Solutions: L3}
 \begin{itemize}
 \item[]
 \InputIfFileExists{solutions/}{}{No Solution File Found}
 \end{itemize} \hrule
\subsection*{L4 {\footnotesize\hyperref[lab:L4]{(lab:L4)} \normalsize}}
 \addcontentsline{toc}{subsection}{L4 (lab:L4)}
 \markboth{Chapter\ 3\ \ Parents}{Solutions: L4}
 \begin{itemize}
 \item[]
 \InputIfFileExists{solutions/lab:L4}{}{No Solution File Found}
 \end{itemize} \hrule
\subsection*{L5 {\footnotesize\hyperref[lab:L5]{(lab:L5)} \normalsize}}
 \addcontentsline{toc}{subsection}{L5 (lab:L5)}
 \markboth{Chapter\ 3\ \ Parents}{Solutions: L5}
 \begin{itemize}
 \item[]
 \InputIfFileExists{solutions/lab:L5}{}{No Solution File Found}
 \end{itemize} \hrule
\subsection*{L6 {\footnotesize\hyperref[lab:L6]{(lab:L6)} \normalsize}}
 \addcontentsline{toc}{subsection}{L6 (lab:L6)}
 \markboth{Chapter\ 3\ \ Parents}{Solutions: L6}
 \begin{itemize}
 \item[]
 \InputIfFileExists{solutions/lab:L6}{}{No Solution File Found}
 \end{itemize} \hrule
\subsection*{L7 {\footnotesize\hyperref[]{()} \normalsize}}
 \addcontentsline{toc}{subsection}{L7 ()}
 \markboth{Chapter\ 3\ \ Parents}{Solutions: L7}
 \begin{itemize}
 \item[]
 \InputIfFileExists{solutions/}{}{No Solution File Found}
 \end{itemize} \hrule
\subsection*{L8 {\footnotesize\hyperref[]{()} \normalsize}}
 \addcontentsline{toc}{subsection}{L8 ()}
 \markboth{Chapter\ 3\ \ Parents}{Solutions: L8}
 \begin{itemize}
 \item[]
 \InputIfFileExists{solutions/}{}{No Solution File Found}
 \end{itemize} \hrule
\subsection*{L9 {\footnotesize\hyperref[]{()} \normalsize}}
 \addcontentsline{toc}{subsection}{L9 ()}
 \markboth{Chapter\ 3\ \ Parents}{Solutions: L9}
 \begin{itemize}
 \item[]
 \InputIfFileExists{solutions/}{}{No Solution File Found}
 \end{itemize} \hrule
\section*{Section 3.3\ Lab (Another Definition of Parabolas)}
\addcontentsline{toc}{section}{Section 3.3\ Lab (Another Definition of Parabolas)}
\subsection*{L1 {\footnotesize\hyperref[]{()} \normalsize}}
 \addcontentsline{toc}{subsection}{L1 ()}
 \markboth{Chapter\ 3\ \ Parents}{Solutions: L1}
 \begin{itemize}
 \item[]
 \InputIfFileExists{solutions/}{}{No Solution File Found}
 \end{itemize} \hrule
\subsection*{L2 {\footnotesize\hyperref[]{()} \normalsize}}
 \addcontentsline{toc}{subsection}{L2 ()}
 \markboth{Chapter\ 3\ \ Parents}{Solutions: L2}
 \begin{itemize}
 \item[]
 \InputIfFileExists{solutions/}{}{No Solution File Found}
 \end{itemize} \hrule
\subsection*{L3 {\footnotesize\hyperref[]{()} \normalsize}}
 \addcontentsline{toc}{subsection}{L3 ()}
 \markboth{Chapter\ 3\ \ Parents}{Solutions: L3}
 \begin{itemize}
 \item[]
 \InputIfFileExists{solutions/}{}{No Solution File Found}
 \end{itemize} \hrule
\subsection*{L4 {\footnotesize\hyperref[]{()} \normalsize}}
 \addcontentsline{toc}{subsection}{L4 ()}
 \markboth{Chapter\ 3\ \ Parents}{Solutions: L4}
 \begin{itemize}
 \item[]
 \InputIfFileExists{solutions/}{}{No Solution File Found}
 \end{itemize} \hrule
\subsection*{L5 {\footnotesize\hyperref[]{()} \normalsize}}
 \addcontentsline{toc}{subsection}{L5 ()}
 \markboth{Chapter\ 3\ \ Parents}{Solutions: L5}
 \begin{itemize}
 \item[]
 \InputIfFileExists{solutions/}{}{No Solution File Found}
 \end{itemize} \hrule
\subsection*{L6 {\footnotesize\hyperref[]{()} \normalsize}}
 \addcontentsline{toc}{subsection}{L6 ()}
 \markboth{Chapter\ 3\ \ Parents}{Solutions: L6}
 \begin{itemize}
 \item[]
 \InputIfFileExists{solutions/}{}{No Solution File Found}
 \end{itemize} \hrule
\subsection*{L7 {\footnotesize\hyperref[]{()} \normalsize}}
 \addcontentsline{toc}{subsection}{L7 ()}
 \markboth{Chapter\ 3\ \ Parents}{Solutions: L7}
 \begin{itemize}
 \item[]
 \InputIfFileExists{solutions/}{}{No Solution File Found}
 \end{itemize} \hrule
\subsection*{L8 {\footnotesize\hyperref[]{()} \normalsize}}
 \addcontentsline{toc}{subsection}{L8 ()}
 \markboth{Chapter\ 3\ \ Parents}{Solutions: L8}
 \begin{itemize}
 \item[]
 \InputIfFileExists{solutions/}{}{No Solution File Found}
 \end{itemize} \hrule
\subsection*{L9 {\footnotesize\hyperref[]{()} \normalsize}}
 \addcontentsline{toc}{subsection}{L9 ()}
 \markboth{Chapter\ 3\ \ Parents}{Solutions: L9}
 \begin{itemize}
 \item[]
 \InputIfFileExists{solutions/}{}{No Solution File Found}
 \end{itemize} \hrule
\subsection*{L10 {\footnotesize\hyperref[]{()} \normalsize}}
 \addcontentsline{toc}{subsection}{L10 ()}
 \markboth{Chapter\ 3\ \ Parents}{Solutions: L10}
 \begin{itemize}
 \item[]
 \InputIfFileExists{solutions/}{}{No Solution File Found}
 \end{itemize} \hrule
\subsection*{L11 {\footnotesize\hyperref[]{()} \normalsize}}
 \addcontentsline{toc}{subsection}{L11 ()}
 \markboth{Chapter\ 3\ \ Parents}{Solutions: L11}
 \begin{itemize}
 \item[]
 \InputIfFileExists{solutions/}{}{No Solution File Found}
 \end{itemize} \hrule
\section*{Section 3.4\ Lab (Classic Ladder Problem)}
\addcontentsline{toc}{section}{Section 3.4\ Lab (Classic Ladder Problem)}
\subsection*{L1 {\footnotesize\hyperref[lab:L1]{(lab:L1)} \normalsize}}
 \addcontentsline{toc}{subsection}{L1 (lab:L1)}
 \markboth{Chapter\ 3\ \ Parents}{Solutions: L1}
 \begin{itemize}
 \item[]
 \InputIfFileExists{solutions/lab:L1}{}{No Solution File Found}
 \end{itemize} \hrule
\subsection*{L2 {\footnotesize\hyperref[lab:L2]{(lab:L2)} \normalsize}}
 \addcontentsline{toc}{subsection}{L2 (lab:L2)}
 \markboth{Chapter\ 3\ \ Parents}{Solutions: L2}
 \begin{itemize}
 \item[]
 \InputIfFileExists{solutions/lab:L2}{}{No Solution File Found}
 \end{itemize} \hrule
\subsection*{L3 {\footnotesize\hyperref[lab:L3]{(lab:L3)} \normalsize}}
 \addcontentsline{toc}{subsection}{L3 (lab:L3)}
 \markboth{Chapter\ 3\ \ Parents}{Solutions: L3}
 \begin{itemize}
 \item[]
 \InputIfFileExists{solutions/lab:L3}{}{No Solution File Found}
 \end{itemize} \hrule
\subsection*{L4 {\footnotesize\hyperref[lab:L4]{(lab:L4)} \normalsize}}
 \addcontentsline{toc}{subsection}{L4 (lab:L4)}
 \markboth{Chapter\ 3\ \ Parents}{Solutions: L4}
 \begin{itemize}
 \item[]
 \InputIfFileExists{solutions/lab:L4}{}{No Solution File Found}
 \end{itemize} \hrule
\subsection*{L5 {\footnotesize\hyperref[lab:L5]{(lab:L5)} \normalsize}}
 \addcontentsline{toc}{subsection}{L5 (lab:L5)}
 \markboth{Chapter\ 3\ \ Parents}{Solutions: L5}
 \begin{itemize}
 \item[]
 \InputIfFileExists{solutions/lab:L5}{}{No Solution File Found}
 \end{itemize} \hrule
\subsection*{L6 {\footnotesize\hyperref[lab:L6]{(lab:L6)} \normalsize}}
 \addcontentsline{toc}{subsection}{L6 (lab:L6)}
 \markboth{Chapter\ 3\ \ Parents}{Solutions: L6}
 \begin{itemize}
 \item[]
 \InputIfFileExists{solutions/lab:L6}{}{No Solution File Found}
 \end{itemize} \hrule
\subsection*{L7 {\footnotesize\hyperref[lab:L7]{(lab:L7)} \normalsize}}
 \addcontentsline{toc}{subsection}{L7 (lab:L7)}
 \markboth{Chapter\ 3\ \ Parents}{Solutions: L7}
 \begin{itemize}
 \item[]
 \InputIfFileExists{solutions/lab:L7}{}{No Solution File Found}
 \end{itemize} \hrule
\subsection*{L8 {\footnotesize\hyperref[lab:L8]{(lab:L8)} \normalsize}}
 \addcontentsline{toc}{subsection}{L8 (lab:L8)}
 \markboth{Chapter\ 3\ \ Parents}{Solutions: L8}
 \begin{itemize}
 \item[]
 \InputIfFileExists{solutions/lab:L8}{}{No Solution File Found}
 \end{itemize} \hrule
\subsection*{L9 {\footnotesize\hyperref[lab:L9]{(lab:L9)} \normalsize}}
 \addcontentsline{toc}{subsection}{L9 (lab:L9)}
 \markboth{Chapter\ 3\ \ Parents}{Solutions: L9}
 \begin{itemize}
 \item[]
 \InputIfFileExists{solutions/lab:L9}{}{No Solution File Found}
 \end{itemize} \hrule
\subsection*{L10 {\footnotesize\hyperref[lab:L10]{(lab:L10)} \normalsize}}
 \addcontentsline{toc}{subsection}{L10 (lab:L10)}
 \markboth{Chapter\ 3\ \ Parents}{Solutions: L10}
 \begin{itemize}
 \item[]
 \InputIfFileExists{solutions/lab:L10}{}{No Solution File Found}
 \end{itemize} \hrule
\chapter*{Transformations}
\addcontentsline{toc}{chapter}{Transformations}
\section*{Section 4.1\ Lab (I'm Batman)}
\addcontentsline{toc}{section}{Section 4.1\ Lab (I'm Batman)}
\subsection*{L1 {\footnotesize\hyperref[lab:L1]{(lab:L1)} \normalsize}}
 \addcontentsline{toc}{subsection}{L1 (lab:L1)}
 \markboth{Chapter\ 4\ \ Transformations}{Solutions: L1}
 \begin{itemize}
 \item[]
 \InputIfFileExists{solutions/lab:L1}{}{No Solution File Found}
 \end{itemize} \hrule
\subsection*{L2 {\footnotesize\hyperref[lab:L2]{(lab:L2)} \normalsize}}
 \addcontentsline{toc}{subsection}{L2 (lab:L2)}
 \markboth{Chapter\ 4\ \ Transformations}{Solutions: L2}
 \begin{itemize}
 \item[]
 \InputIfFileExists{solutions/lab:L2}{}{No Solution File Found}
 \end{itemize} \hrule
\subsection*{L3 {\footnotesize\hyperref[lab:L3]{(lab:L3)} \normalsize}}
 \addcontentsline{toc}{subsection}{L3 (lab:L3)}
 \markboth{Chapter\ 4\ \ Transformations}{Solutions: L3}
 \begin{itemize}
 \item[]
 \InputIfFileExists{solutions/lab:L3}{}{No Solution File Found}
 \end{itemize} \hrule
\subsection*{L4 {\footnotesize\hyperref[lab:L4]{(lab:L4)} \normalsize}}
 \addcontentsline{toc}{subsection}{L4 (lab:L4)}
 \markboth{Chapter\ 4\ \ Transformations}{Solutions: L4}
 \begin{itemize}
 \item[]
 \InputIfFileExists{solutions/lab:L4}{}{No Solution File Found}
 \end{itemize} \hrule
\subsection*{L5 {\footnotesize\hyperref[lab:L5]{(lab:L5)} \normalsize}}
 \addcontentsline{toc}{subsection}{L5 (lab:L5)}
 \markboth{Chapter\ 4\ \ Transformations}{Solutions: L5}
 \begin{itemize}
 \item[]
 \InputIfFileExists{solutions/lab:L5}{}{No Solution File Found}
 \end{itemize} \hrule
\subsection*{L6 {\footnotesize\hyperref[lab:L6]{(lab:L6)} \normalsize}}
 \addcontentsline{toc}{subsection}{L6 (lab:L6)}
 \markboth{Chapter\ 4\ \ Transformations}{Solutions: L6}
 \begin{itemize}
 \item[]
 \InputIfFileExists{solutions/lab:L6}{}{No Solution File Found}
 \end{itemize} \hrule
\subsection*{L7 {\footnotesize\hyperref[lab:L7]{(lab:L7)} \normalsize}}
 \addcontentsline{toc}{subsection}{L7 (lab:L7)}
 \markboth{Chapter\ 4\ \ Transformations}{Solutions: L7}
 \begin{itemize}
 \item[]
 \InputIfFileExists{solutions/lab:L7}{}{No Solution File Found}
 \end{itemize} \hrule
\subsection*{L8 {\footnotesize\hyperref[lab:L8]{(lab:L8)} \normalsize}}
 \addcontentsline{toc}{subsection}{L8 (lab:L8)}
 \markboth{Chapter\ 4\ \ Transformations}{Solutions: L8}
 \begin{itemize}
 \item[]
 \InputIfFileExists{solutions/lab:L8}{}{No Solution File Found}
 \end{itemize} \hrule
\subsection*{L9 {\footnotesize\hyperref[lab:L9]{(lab:L9)} \normalsize}}
 \addcontentsline{toc}{subsection}{L9 (lab:L9)}
 \markboth{Chapter\ 4\ \ Transformations}{Solutions: L9}
 \begin{itemize}
 \item[]
 \InputIfFileExists{solutions/lab:L9}{}{No Solution File Found}
 \end{itemize} \hrule
\subsection*{L10 {\footnotesize\hyperref[lab:L10]{(lab:L10)} \normalsize}}
 \addcontentsline{toc}{subsection}{L10 (lab:L10)}
 \markboth{Chapter\ 4\ \ Transformations}{Solutions: L10}
 \begin{itemize}
 \item[]
 \InputIfFileExists{solutions/lab:L10}{}{No Solution File Found}
 \end{itemize} \hrule
\subsection*{L11 {\footnotesize\hyperref[lab:L11]{(lab:L11)} \normalsize}}
 \addcontentsline{toc}{subsection}{L11 (lab:L11)}
 \markboth{Chapter\ 4\ \ Transformations}{Solutions: L11}
 \begin{itemize}
 \item[]
 \InputIfFileExists{solutions/lab:L11}{}{No Solution File Found}
 \end{itemize} \hrule
\section*{Section 4.1\ Exercises}
\addcontentsline{toc}{section}{Section 4.1\ Exercises}
\subsection*{P12 {\footnotesize\hyperref[0401ClassA]{(0401ClassA)} \normalsize}}
 \addcontentsline{toc}{subsection}{P12 (0401ClassA)}
 \markboth{Chapter\ 4\ \ Transformations}{Solutions: P12}
 \begin{itemize}
 \item[]
 \InputIfFileExists{solutions/0401ClassA}{}{No Solution File Found}
 \end{itemize} \hrule
\subsection*{P13 {\footnotesize\hyperref[0401ClassB]{(0401ClassB)} \normalsize}}
 \addcontentsline{toc}{subsection}{P13 (0401ClassB)}
 \markboth{Chapter\ 4\ \ Transformations}{Solutions: P13}
 \begin{itemize}
 \item[]
 \InputIfFileExists{solutions/0401ClassB}{}{No Solution File Found}
 \end{itemize} \hrule
\subsection*{P14 {\footnotesize\hyperref[0401X]{(0401X)} \normalsize}}
 \addcontentsline{toc}{subsection}{P14 (0401X)}
 \markboth{Chapter\ 4\ \ Transformations}{Solutions: P14}
 \begin{itemize}
 \item[]
 \InputIfFileExists{solutions/0401X}{}{No Solution File Found}
 \end{itemize} \hrule
\subsection*{P15 {\footnotesize\hyperref[0401Para]{(0401Para)} \normalsize}}
 \addcontentsline{toc}{subsection}{P15 (0401Para)}
 \markboth{Chapter\ 4\ \ Transformations}{Solutions: P15}
 \begin{itemize}
 \item[]
 \InputIfFileExists{solutions/0401Para}{}{No Solution File Found}
 \end{itemize} \hrule
\subsection*{P16 {\footnotesize\hyperref[0401Cube]{(0401Cube)} \normalsize}}
 \addcontentsline{toc}{subsection}{P16 (0401Cube)}
 \markboth{Chapter\ 4\ \ Transformations}{Solutions: P16}
 \begin{itemize}
 \item[]
 \InputIfFileExists{solutions/0401Cube}{}{No Solution File Found}
 \end{itemize} \hrule
\subsection*{P17 {\footnotesize\hyperref[0401Sym]{(0401Sym)} \normalsize}}
 \addcontentsline{toc}{subsection}{P17 (0401Sym)}
 \markboth{Chapter\ 4\ \ Transformations}{Solutions: P17}
 \begin{itemize}
 \item[]
 \InputIfFileExists{solutions/0401Sym}{}{No Solution File Found}
 \end{itemize} \hrule
\subsection*{P18 {\footnotesize\hyperref[0401Football]{(0401Football)} \normalsize}}
 \addcontentsline{toc}{subsection}{P18 (0401Football)}
 \markboth{Chapter\ 4\ \ Transformations}{Solutions: P18}
 \begin{itemize}
 \item[]
 \InputIfFileExists{solutions/0401Football}{}{No Solution File Found}
 \end{itemize} \hrule
\subsection*{P19 {\footnotesize\hyperref[0401Chain]{(0401Chain)} \normalsize}}
 \addcontentsline{toc}{subsection}{P19 (0401Chain)}
 \markboth{Chapter\ 4\ \ Transformations}{Solutions: P19}
 \begin{itemize}
 \item[]
 \InputIfFileExists{solutions/0401Chain}{}{No Solution File Found}
 \end{itemize} \hrule
\section*{Section 4.2\ Lab (x, y, ...t?)}
\addcontentsline{toc}{section}{Section 4.2\ Lab (x, y, ...t?)}
\subsection*{L1 {\footnotesize\hyperref[lab:L1]{(lab:L1)} \normalsize}}
 \addcontentsline{toc}{subsection}{L1 (lab:L1)}
 \markboth{Chapter\ 4\ \ Transformations}{Solutions: L1}
 \begin{itemize}
 \item[]
 \InputIfFileExists{solutions/lab:L1}{}{No Solution File Found}
 \end{itemize} \hrule
\subsection*{L2 {\footnotesize\hyperref[lab:L2]{(lab:L2)} \normalsize}}
 \addcontentsline{toc}{subsection}{L2 (lab:L2)}
 \markboth{Chapter\ 4\ \ Transformations}{Solutions: L2}
 \begin{itemize}
 \item[]
 \InputIfFileExists{solutions/lab:L2}{}{No Solution File Found}
 \end{itemize} \hrule
\subsection*{L3 {\footnotesize\hyperref[lab:L3]{(lab:L3)} \normalsize}}
 \addcontentsline{toc}{subsection}{L3 (lab:L3)}
 \markboth{Chapter\ 4\ \ Transformations}{Solutions: L3}
 \begin{itemize}
 \item[]
 \InputIfFileExists{solutions/lab:L3}{}{No Solution File Found}
 \end{itemize} \hrule
\subsection*{L4 {\footnotesize\hyperref[lab:L4]{(lab:L4)} \normalsize}}
 \addcontentsline{toc}{subsection}{L4 (lab:L4)}
 \markboth{Chapter\ 4\ \ Transformations}{Solutions: L4}
 \begin{itemize}
 \item[]
 \InputIfFileExists{solutions/lab:L4}{}{No Solution File Found}
 \end{itemize} \hrule
\subsection*{L5 {\footnotesize\hyperref[lab:L5]{(lab:L5)} \normalsize}}
 \addcontentsline{toc}{subsection}{L5 (lab:L5)}
 \markboth{Chapter\ 4\ \ Transformations}{Solutions: L5}
 \begin{itemize}
 \item[]
 \InputIfFileExists{solutions/lab:L5}{}{No Solution File Found}
 \end{itemize} \hrule
\subsection*{L6 {\footnotesize\hyperref[lab:L6]{(lab:L6)} \normalsize}}
 \addcontentsline{toc}{subsection}{L6 (lab:L6)}
 \markboth{Chapter\ 4\ \ Transformations}{Solutions: L6}
 \begin{itemize}
 \item[]
 \InputIfFileExists{solutions/lab:L6}{}{No Solution File Found}
 \end{itemize} \hrule
\subsection*{L7 {\footnotesize\hyperref[lab:L7]{(lab:L7)} \normalsize}}
 \addcontentsline{toc}{subsection}{L7 (lab:L7)}
 \markboth{Chapter\ 4\ \ Transformations}{Solutions: L7}
 \begin{itemize}
 \item[]
 \InputIfFileExists{solutions/lab:L7}{}{No Solution File Found}
 \end{itemize} \hrule
\subsection*{L8 {\footnotesize\hyperref[lab:L8]{(lab:L8)} \normalsize}}
 \addcontentsline{toc}{subsection}{L8 (lab:L8)}
 \markboth{Chapter\ 4\ \ Transformations}{Solutions: L8}
 \begin{itemize}
 \item[]
 \InputIfFileExists{solutions/lab:L8}{}{No Solution File Found}
 \end{itemize} \hrule
\subsection*{L9 {\footnotesize\hyperref[lab:L9]{(lab:L9)} \normalsize}}
 \addcontentsline{toc}{subsection}{L9 (lab:L9)}
 \markboth{Chapter\ 4\ \ Transformations}{Solutions: L9}
 \begin{itemize}
 \item[]
 \InputIfFileExists{solutions/lab:L9}{}{No Solution File Found}
 \end{itemize} \hrule
\section*{Section 4.4\ Lab (``Upside Down'')}
\addcontentsline{toc}{section}{Section 4.4\ Lab (``Upside Down'')}
\subsection*{L1 {\footnotesize\hyperref[lab:L1]{(lab:L1)} \normalsize}}
 \addcontentsline{toc}{subsection}{L1 (lab:L1)}
 \markboth{Chapter\ 4\ \ Transformations}{Solutions: L1}
 \begin{itemize}
 \item[]
 \InputIfFileExists{solutions/lab:L1}{}{No Solution File Found}
 \end{itemize} \hrule
\subsection*{L2 {\footnotesize\hyperref[lab:L2]{(lab:L2)} \normalsize}}
 \addcontentsline{toc}{subsection}{L2 (lab:L2)}
 \markboth{Chapter\ 4\ \ Transformations}{Solutions: L2}
 \begin{itemize}
 \item[]
 \InputIfFileExists{solutions/lab:L2}{}{No Solution File Found}
 \end{itemize} \hrule
\subsection*{L3 {\footnotesize\hyperref[lab:L3]{(lab:L3)} \normalsize}}
 \addcontentsline{toc}{subsection}{L3 (lab:L3)}
 \markboth{Chapter\ 4\ \ Transformations}{Solutions: L3}
 \begin{itemize}
 \item[]
 \InputIfFileExists{solutions/lab:L3}{}{No Solution File Found}
 \end{itemize} \hrule
\subsection*{L4 {\footnotesize\hyperref[lab:L4]{(lab:L4)} \normalsize}}
 \addcontentsline{toc}{subsection}{L4 (lab:L4)}
 \markboth{Chapter\ 4\ \ Transformations}{Solutions: L4}
 \begin{itemize}
 \item[]
 \InputIfFileExists{solutions/lab:L4}{}{No Solution File Found}
 \end{itemize} \hrule
\subsection*{L5 {\footnotesize\hyperref[lab:L5]{(lab:L5)} \normalsize}}
 \addcontentsline{toc}{subsection}{L5 (lab:L5)}
 \markboth{Chapter\ 4\ \ Transformations}{Solutions: L5}
 \begin{itemize}
 \item[]
 \InputIfFileExists{solutions/lab:L5}{}{No Solution File Found}
 \end{itemize} \hrule
\subsection*{L6 {\footnotesize\hyperref[lab:L6]{(lab:L6)} \normalsize}}
 \addcontentsline{toc}{subsection}{L6 (lab:L6)}
 \markboth{Chapter\ 4\ \ Transformations}{Solutions: L6}
 \begin{itemize}
 \item[]
 \InputIfFileExists{solutions/lab:L6}{}{No Solution File Found}
 \end{itemize} \hrule
\subsection*{L7 {\footnotesize\hyperref[lab:L7]{(lab:L7)} \normalsize}}
 \addcontentsline{toc}{subsection}{L7 (lab:L7)}
 \markboth{Chapter\ 4\ \ Transformations}{Solutions: L7}
 \begin{itemize}
 \item[]
 \InputIfFileExists{solutions/lab:L7}{}{No Solution File Found}
 \end{itemize} \hrule
\chapter*{Powers}
\addcontentsline{toc}{chapter}{Powers}
\section*{Section 5.1\ Lab (Work Smarter, Not Harder)}
\addcontentsline{toc}{section}{Section 5.1\ Lab (Work Smarter, Not Harder)}
\subsection*{L1 {\footnotesize\hyperref[lab:L1]{(lab:L1)} \normalsize}}
 \addcontentsline{toc}{subsection}{L1 (lab:L1)}
 \markboth{Chapter\ 5\ \ Powers}{Solutions: L1}
 \begin{itemize}
 \item[]
 \InputIfFileExists{solutions/lab:L1}{}{No Solution File Found}
 \end{itemize} \hrule
\subsection*{L2 {\footnotesize\hyperref[lab:L2]{(lab:L2)} \normalsize}}
 \addcontentsline{toc}{subsection}{L2 (lab:L2)}
 \markboth{Chapter\ 5\ \ Powers}{Solutions: L2}
 \begin{itemize}
 \item[]
 \InputIfFileExists{solutions/lab:L2}{}{No Solution File Found}
 \end{itemize} \hrule
\subsection*{L3 {\footnotesize\hyperref[lab:L3]{(lab:L3)} \normalsize}}
 \addcontentsline{toc}{subsection}{L3 (lab:L3)}
 \markboth{Chapter\ 5\ \ Powers}{Solutions: L3}
 \begin{itemize}
 \item[]
 \InputIfFileExists{solutions/lab:L3}{}{No Solution File Found}
 \end{itemize} \hrule
\subsection*{L4 {\footnotesize\hyperref[lab:L4]{(lab:L4)} \normalsize}}
 \addcontentsline{toc}{subsection}{L4 (lab:L4)}
 \markboth{Chapter\ 5\ \ Powers}{Solutions: L4}
 \begin{itemize}
 \item[]
 \InputIfFileExists{solutions/lab:L4}{}{No Solution File Found}
 \end{itemize} \hrule
\subsection*{L5 {\footnotesize\hyperref[lab:L5]{(lab:L5)} \normalsize}}
 \addcontentsline{toc}{subsection}{L5 (lab:L5)}
 \markboth{Chapter\ 5\ \ Powers}{Solutions: L5}
 \begin{itemize}
 \item[]
 \InputIfFileExists{solutions/lab:L5}{}{No Solution File Found}
 \end{itemize} \hrule
\subsection*{L6 {\footnotesize\hyperref[lab:L6]{(lab:L6)} \normalsize}}
 \addcontentsline{toc}{subsection}{L6 (lab:L6)}
 \markboth{Chapter\ 5\ \ Powers}{Solutions: L6}
 \begin{itemize}
 \item[]
 \InputIfFileExists{solutions/lab:L6}{}{No Solution File Found}
 \end{itemize} \hrule
\subsection*{L7 {\footnotesize\hyperref[lab:L7]{(lab:L7)} \normalsize}}
 \addcontentsline{toc}{subsection}{L7 (lab:L7)}
 \markboth{Chapter\ 5\ \ Powers}{Solutions: L7}
 \begin{itemize}
 \item[]
 \InputIfFileExists{solutions/lab:L7}{}{No Solution File Found}
 \end{itemize} \hrule
\subsection*{L8 {\footnotesize\hyperref[lab:L8]{(lab:L8)} \normalsize}}
 \addcontentsline{toc}{subsection}{L8 (lab:L8)}
 \markboth{Chapter\ 5\ \ Powers}{Solutions: L8}
 \begin{itemize}
 \item[]
 \InputIfFileExists{solutions/lab:L8}{}{No Solution File Found}
 \end{itemize} \hrule
\subsection*{L9 {\footnotesize\hyperref[lab:L9]{(lab:L9)} \normalsize}}
 \addcontentsline{toc}{subsection}{L9 (lab:L9)}
 \markboth{Chapter\ 5\ \ Powers}{Solutions: L9}
 \begin{itemize}
 \item[]
 \InputIfFileExists{solutions/lab:L9}{}{No Solution File Found}
 \end{itemize} \hrule
\subsection*{L10 {\footnotesize\hyperref[lab:L10]{(lab:L10)} \normalsize}}
 \addcontentsline{toc}{subsection}{L10 (lab:L10)}
 \markboth{Chapter\ 5\ \ Powers}{Solutions: L10}
 \begin{itemize}
 \item[]
 \InputIfFileExists{solutions/lab:L10}{}{No Solution File Found}
 \end{itemize} \hrule
\subsection*{L11 {\footnotesize\hyperref[lab:L11]{(lab:L11)} \normalsize}}
 \addcontentsline{toc}{subsection}{L11 (lab:L11)}
 \markboth{Chapter\ 5\ \ Powers}{Solutions: L11}
 \begin{itemize}
 \item[]
 \InputIfFileExists{solutions/lab:L11}{}{No Solution File Found}
 \end{itemize} \hrule
\section*{Section 5.2\ Lab (The Power of Powers)}
\addcontentsline{toc}{section}{Section 5.2\ Lab (The Power of Powers)}
\subsection*{L1 {\footnotesize\hyperref[lab:L1]{(lab:L1)} \normalsize}}
 \addcontentsline{toc}{subsection}{L1 (lab:L1)}
 \markboth{Chapter\ 5\ \ Powers}{Solutions: L1}
 \begin{itemize}
 \item[]
 \InputIfFileExists{solutions/lab:L1}{}{No Solution File Found}
 \end{itemize} \hrule
\subsection*{L2 {\footnotesize\hyperref[lab:L2]{(lab:L2)} \normalsize}}
 \addcontentsline{toc}{subsection}{L2 (lab:L2)}
 \markboth{Chapter\ 5\ \ Powers}{Solutions: L2}
 \begin{itemize}
 \item[]
 \InputIfFileExists{solutions/lab:L2}{}{No Solution File Found}
 \end{itemize} \hrule
\subsection*{L3 {\footnotesize\hyperref[lab:L3]{(lab:L3)} \normalsize}}
 \addcontentsline{toc}{subsection}{L3 (lab:L3)}
 \markboth{Chapter\ 5\ \ Powers}{Solutions: L3}
 \begin{itemize}
 \item[]
 \InputIfFileExists{solutions/lab:L3}{}{No Solution File Found}
 \end{itemize} \hrule
\subsection*{L4 {\footnotesize\hyperref[lab:L4]{(lab:L4)} \normalsize}}
 \addcontentsline{toc}{subsection}{L4 (lab:L4)}
 \markboth{Chapter\ 5\ \ Powers}{Solutions: L4}
 \begin{itemize}
 \item[]
 \InputIfFileExists{solutions/lab:L4}{}{No Solution File Found}
 \end{itemize} \hrule
\subsection*{L5 {\footnotesize\hyperref[lab:L5]{(lab:L5)} \normalsize}}
 \addcontentsline{toc}{subsection}{L5 (lab:L5)}
 \markboth{Chapter\ 5\ \ Powers}{Solutions: L5}
 \begin{itemize}
 \item[]
 \InputIfFileExists{solutions/lab:L5}{}{No Solution File Found}
 \end{itemize} \hrule
\subsection*{L6 {\footnotesize\hyperref[lab:L6]{(lab:L6)} \normalsize}}
 \addcontentsline{toc}{subsection}{L6 (lab:L6)}
 \markboth{Chapter\ 5\ \ Powers}{Solutions: L6}
 \begin{itemize}
 \item[]
 \InputIfFileExists{solutions/lab:L6}{}{No Solution File Found}
 \end{itemize} \hrule
\subsection*{L7 {\footnotesize\hyperref[lab:L7]{(lab:L7)} \normalsize}}
 \addcontentsline{toc}{subsection}{L7 (lab:L7)}
 \markboth{Chapter\ 5\ \ Powers}{Solutions: L7}
 \begin{itemize}
 \item[]
 \InputIfFileExists{solutions/lab:L7}{}{No Solution File Found}
 \end{itemize} \hrule
\subsection*{L8 {\footnotesize\hyperref[lab:L8]{(lab:L8)} \normalsize}}
 \addcontentsline{toc}{subsection}{L8 (lab:L8)}
 \markboth{Chapter\ 5\ \ Powers}{Solutions: L8}
 \begin{itemize}
 \item[]
 \InputIfFileExists{solutions/lab:L8}{}{No Solution File Found}
 \end{itemize} \hrule
\subsection*{L9 {\footnotesize\hyperref[lab:L9]{(lab:L9)} \normalsize}}
 \addcontentsline{toc}{subsection}{L9 (lab:L9)}
 \markboth{Chapter\ 5\ \ Powers}{Solutions: L9}
 \begin{itemize}
 \item[]
 \InputIfFileExists{solutions/lab:L9}{}{No Solution File Found}
 \end{itemize} \hrule
\subsection*{L10 {\footnotesize\hyperref[lab:L10]{(lab:L10)} \normalsize}}
 \addcontentsline{toc}{subsection}{L10 (lab:L10)}
 \markboth{Chapter\ 5\ \ Powers}{Solutions: L10}
 \begin{itemize}
 \item[]
 \InputIfFileExists{solutions/lab:L10}{}{No Solution File Found}
 \end{itemize} \hrule
\subsection*{L11 {\footnotesize\hyperref[lab:L11]{(lab:L11)} \normalsize}}
 \addcontentsline{toc}{subsection}{L11 (lab:L11)}
 \markboth{Chapter\ 5\ \ Powers}{Solutions: L11}
 \begin{itemize}
 \item[]
 \InputIfFileExists{solutions/lab:L11}{}{No Solution File Found}
 \end{itemize} \hrule
\subsection*{L12 {\footnotesize\hyperref[lab:L12]{(lab:L12)} \normalsize}}
 \addcontentsline{toc}{subsection}{L12 (lab:L12)}
 \markboth{Chapter\ 5\ \ Powers}{Solutions: L12}
 \begin{itemize}
 \item[]
 \InputIfFileExists{solutions/lab:L12}{}{No Solution File Found}
 \end{itemize} \hrule
\subsection*{L13 {\footnotesize\hyperref[lab:L13]{(lab:L13)} \normalsize}}
 \addcontentsline{toc}{subsection}{L13 (lab:L13)}
 \markboth{Chapter\ 5\ \ Powers}{Solutions: L13}
 \begin{itemize}
 \item[]
 \InputIfFileExists{solutions/lab:L13}{}{No Solution File Found}
 \end{itemize} \hrule
\subsection*{L14 {\footnotesize\hyperref[lab:L14]{(lab:L14)} \normalsize}}
 \addcontentsline{toc}{subsection}{L14 (lab:L14)}
 \markboth{Chapter\ 5\ \ Powers}{Solutions: L14}
 \begin{itemize}
 \item[]
 \InputIfFileExists{solutions/lab:L14}{}{No Solution File Found}
 \end{itemize} \hrule
\subsection*{L15 {\footnotesize\hyperref[lab:L15]{(lab:L15)} \normalsize}}
 \addcontentsline{toc}{subsection}{L15 (lab:L15)}
 \markboth{Chapter\ 5\ \ Powers}{Solutions: L15}
 \begin{itemize}
 \item[]
 \InputIfFileExists{solutions/lab:L15}{}{No Solution File Found}
 \end{itemize} \hrule
\subsection*{L16 {\footnotesize\hyperref[lab:L16]{(lab:L16)} \normalsize}}
 \addcontentsline{toc}{subsection}{L16 (lab:L16)}
 \markboth{Chapter\ 5\ \ Powers}{Solutions: L16}
 \begin{itemize}
 \item[]
 \InputIfFileExists{solutions/lab:L16}{}{No Solution File Found}
 \end{itemize} \hrule
\section*{Section 5.3\ Lab (With Great Power)}
\addcontentsline{toc}{section}{Section 5.3\ Lab (With Great Power)}
\subsection*{L1 {\footnotesize\hyperref[lab:L1]{(lab:L1)} \normalsize}}
 \addcontentsline{toc}{subsection}{L1 (lab:L1)}
 \markboth{Chapter\ 5\ \ Powers}{Solutions: L1}
 \begin{itemize}
 \item[]
 \InputIfFileExists{solutions/lab:L1}{}{No Solution File Found}
 \end{itemize} \hrule
\subsection*{L2 {\footnotesize\hyperref[lab:L2]{(lab:L2)} \normalsize}}
 \addcontentsline{toc}{subsection}{L2 (lab:L2)}
 \markboth{Chapter\ 5\ \ Powers}{Solutions: L2}
 \begin{itemize}
 \item[]
 \InputIfFileExists{solutions/lab:L2}{}{No Solution File Found}
 \end{itemize} \hrule
\subsection*{L3 {\footnotesize\hyperref[lab:L3]{(lab:L3)} \normalsize}}
 \addcontentsline{toc}{subsection}{L3 (lab:L3)}
 \markboth{Chapter\ 5\ \ Powers}{Solutions: L3}
 \begin{itemize}
 \item[]
 \InputIfFileExists{solutions/lab:L3}{}{No Solution File Found}
 \end{itemize} \hrule
\subsection*{L4 {\footnotesize\hyperref[lab:L4]{(lab:L4)} \normalsize}}
 \addcontentsline{toc}{subsection}{L4 (lab:L4)}
 \markboth{Chapter\ 5\ \ Powers}{Solutions: L4}
 \begin{itemize}
 \item[]
 \InputIfFileExists{solutions/lab:L4}{}{No Solution File Found}
 \end{itemize} \hrule
\subsection*{L5 {\footnotesize\hyperref[lab:L5]{(lab:L5)} \normalsize}}
 \addcontentsline{toc}{subsection}{L5 (lab:L5)}
 \markboth{Chapter\ 5\ \ Powers}{Solutions: L5}
 \begin{itemize}
 \item[]
 \InputIfFileExists{solutions/lab:L5}{}{No Solution File Found}
 \end{itemize} \hrule
\subsection*{L6 {\footnotesize\hyperref[lab:L6]{(lab:L6)} \normalsize}}
 \addcontentsline{toc}{subsection}{L6 (lab:L6)}
 \markboth{Chapter\ 5\ \ Powers}{Solutions: L6}
 \begin{itemize}
 \item[]
 \InputIfFileExists{solutions/lab:L6}{}{No Solution File Found}
 \end{itemize} \hrule
\subsection*{L7 {\footnotesize\hyperref[lab:L7]{(lab:L7)} \normalsize}}
 \addcontentsline{toc}{subsection}{L7 (lab:L7)}
 \markboth{Chapter\ 5\ \ Powers}{Solutions: L7}
 \begin{itemize}
 \item[]
 \InputIfFileExists{solutions/lab:L7}{}{No Solution File Found}
 \end{itemize} \hrule
\subsection*{L8 {\footnotesize\hyperref[lab:L8]{(lab:L8)} \normalsize}}
 \addcontentsline{toc}{subsection}{L8 (lab:L8)}
 \markboth{Chapter\ 5\ \ Powers}{Solutions: L8}
 \begin{itemize}
 \item[]
 \InputIfFileExists{solutions/lab:L8}{}{No Solution File Found}
 \end{itemize} \hrule
\subsection*{L9 {\footnotesize\hyperref[lab:L9]{(lab:L9)} \normalsize}}
 \addcontentsline{toc}{subsection}{L9 (lab:L9)}
 \markboth{Chapter\ 5\ \ Powers}{Solutions: L9}
 \begin{itemize}
 \item[]
 \InputIfFileExists{solutions/lab:L9}{}{No Solution File Found}
 \end{itemize} \hrule
\subsection*{L10 {\footnotesize\hyperref[lab:L10]{(lab:L10)} \normalsize}}
 \addcontentsline{toc}{subsection}{L10 (lab:L10)}
 \markboth{Chapter\ 5\ \ Powers}{Solutions: L10}
 \begin{itemize}
 \item[]
 \InputIfFileExists{solutions/lab:L10}{}{No Solution File Found}
 \end{itemize} \hrule
\subsection*{L11 {\footnotesize\hyperref[lab:L11]{(lab:L11)} \normalsize}}
 \addcontentsline{toc}{subsection}{L11 (lab:L11)}
 \markboth{Chapter\ 5\ \ Powers}{Solutions: L11}
 \begin{itemize}
 \item[]
 \InputIfFileExists{solutions/lab:L11}{}{No Solution File Found}
 \end{itemize} \hrule
\subsection*{L12 {\footnotesize\hyperref[lab:L12]{(lab:L12)} \normalsize}}
 \addcontentsline{toc}{subsection}{L12 (lab:L12)}
 \markboth{Chapter\ 5\ \ Powers}{Solutions: L12}
 \begin{itemize}
 \item[]
 \InputIfFileExists{solutions/lab:L12}{}{No Solution File Found}
 \end{itemize} \hrule
\subsection*{L13 {\footnotesize\hyperref[lab:L13]{(lab:L13)} \normalsize}}
 \addcontentsline{toc}{subsection}{L13 (lab:L13)}
 \markboth{Chapter\ 5\ \ Powers}{Solutions: L13}
 \begin{itemize}
 \item[]
 \InputIfFileExists{solutions/lab:L13}{}{No Solution File Found}
 \end{itemize} \hrule
\section*{Section 5.4\ Lab (Truth to Power)}
\addcontentsline{toc}{section}{Section 5.4\ Lab (Truth to Power)}
\subsection*{L1 {\footnotesize\hyperref[lab:L1]{(lab:L1)} \normalsize}}
 \addcontentsline{toc}{subsection}{L1 (lab:L1)}
 \markboth{Chapter\ 5\ \ Powers}{Solutions: L1}
 \begin{itemize}
 \item[]
 \InputIfFileExists{solutions/lab:L1}{}{No Solution File Found}
 \end{itemize} \hrule
\subsection*{L2 {\footnotesize\hyperref[lab:L2]{(lab:L2)} \normalsize}}
 \addcontentsline{toc}{subsection}{L2 (lab:L2)}
 \markboth{Chapter\ 5\ \ Powers}{Solutions: L2}
 \begin{itemize}
 \item[]
 \InputIfFileExists{solutions/lab:L2}{}{No Solution File Found}
 \end{itemize} \hrule
\subsection*{L3 {\footnotesize\hyperref[lab:L3]{(lab:L3)} \normalsize}}
 \addcontentsline{toc}{subsection}{L3 (lab:L3)}
 \markboth{Chapter\ 5\ \ Powers}{Solutions: L3}
 \begin{itemize}
 \item[]
 \InputIfFileExists{solutions/lab:L3}{}{No Solution File Found}
 \end{itemize} \hrule
\subsection*{L4 {\footnotesize\hyperref[lab:L4]{(lab:L4)} \normalsize}}
 \addcontentsline{toc}{subsection}{L4 (lab:L4)}
 \markboth{Chapter\ 5\ \ Powers}{Solutions: L4}
 \begin{itemize}
 \item[]
 \InputIfFileExists{solutions/lab:L4}{}{No Solution File Found}
 \end{itemize} \hrule
\subsection*{L5 {\footnotesize\hyperref[lab:L5]{(lab:L5)} \normalsize}}
 \addcontentsline{toc}{subsection}{L5 (lab:L5)}
 \markboth{Chapter\ 5\ \ Powers}{Solutions: L5}
 \begin{itemize}
 \item[]
 \InputIfFileExists{solutions/lab:L5}{}{No Solution File Found}
 \end{itemize} \hrule
\subsection*{L6 {\footnotesize\hyperref[lab:L6]{(lab:L6)} \normalsize}}
 \addcontentsline{toc}{subsection}{L6 (lab:L6)}
 \markboth{Chapter\ 5\ \ Powers}{Solutions: L6}
 \begin{itemize}
 \item[]
 \InputIfFileExists{solutions/lab:L6}{}{No Solution File Found}
 \end{itemize} \hrule
\subsection*{L7 {\footnotesize\hyperref[lab:L7]{(lab:L7)} \normalsize}}
 \addcontentsline{toc}{subsection}{L7 (lab:L7)}
 \markboth{Chapter\ 5\ \ Powers}{Solutions: L7}
 \begin{itemize}
 \item[]
 \InputIfFileExists{solutions/lab:L7}{}{No Solution File Found}
 \end{itemize} \hrule
\subsection*{L8 {\footnotesize\hyperref[lab:L8]{(lab:L8)} \normalsize}}
 \addcontentsline{toc}{subsection}{L8 (lab:L8)}
 \markboth{Chapter\ 5\ \ Powers}{Solutions: L8}
 \begin{itemize}
 \item[]
 \InputIfFileExists{solutions/lab:L8}{}{No Solution File Found}
 \end{itemize} \hrule
\subsection*{L9 {\footnotesize\hyperref[lab:L9]{(lab:L9)} \normalsize}}
 \addcontentsline{toc}{subsection}{L9 (lab:L9)}
 \markboth{Chapter\ 5\ \ Powers}{Solutions: L9}
 \begin{itemize}
 \item[]
 \InputIfFileExists{solutions/lab:L9}{}{No Solution File Found}
 \end{itemize} \hrule
\chapter*{Polynomials}
\addcontentsline{toc}{chapter}{Polynomials}
\section*{Section 6.1\ Lab (In the End)}
\addcontentsline{toc}{section}{Section 6.1\ Lab (In the End)}
\subsection*{L1 {\footnotesize\hyperref[lab:L1]{(lab:L1)} \normalsize}}
 \addcontentsline{toc}{subsection}{L1 (lab:L1)}
 \markboth{Chapter\ 6\ \ Polynomials}{Solutions: L1}
 \begin{itemize}
 \item[]
 \InputIfFileExists{solutions/lab:L1}{}{No Solution File Found}
 \end{itemize} \hrule
\subsection*{L2 {\footnotesize\hyperref[lab:L2]{(lab:L2)} \normalsize}}
 \addcontentsline{toc}{subsection}{L2 (lab:L2)}
 \markboth{Chapter\ 6\ \ Polynomials}{Solutions: L2}
 \begin{itemize}
 \item[]
 \InputIfFileExists{solutions/lab:L2}{}{No Solution File Found}
 \end{itemize} \hrule
\subsection*{L3 {\footnotesize\hyperref[lab:L3]{(lab:L3)} \normalsize}}
 \addcontentsline{toc}{subsection}{L3 (lab:L3)}
 \markboth{Chapter\ 6\ \ Polynomials}{Solutions: L3}
 \begin{itemize}
 \item[]
 \InputIfFileExists{solutions/lab:L3}{}{No Solution File Found}
 \end{itemize} \hrule
\subsection*{L4 {\footnotesize\hyperref[lab:L4]{(lab:L4)} \normalsize}}
 \addcontentsline{toc}{subsection}{L4 (lab:L4)}
 \markboth{Chapter\ 6\ \ Polynomials}{Solutions: L4}
 \begin{itemize}
 \item[]
 \InputIfFileExists{solutions/lab:L4}{}{No Solution File Found}
 \end{itemize} \hrule
\subsection*{L5 {\footnotesize\hyperref[lab:L5]{(lab:L5)} \normalsize}}
 \addcontentsline{toc}{subsection}{L5 (lab:L5)}
 \markboth{Chapter\ 6\ \ Polynomials}{Solutions: L5}
 \begin{itemize}
 \item[]
 \InputIfFileExists{solutions/lab:L5}{}{No Solution File Found}
 \end{itemize} \hrule
\subsection*{L6 {\footnotesize\hyperref[lab:L6]{(lab:L6)} \normalsize}}
 \addcontentsline{toc}{subsection}{L6 (lab:L6)}
 \markboth{Chapter\ 6\ \ Polynomials}{Solutions: L6}
 \begin{itemize}
 \item[]
 \InputIfFileExists{solutions/lab:L6}{}{No Solution File Found}
 \end{itemize} \hrule
\subsection*{L7 {\footnotesize\hyperref[lab:L7]{(lab:L7)} \normalsize}}
 \addcontentsline{toc}{subsection}{L7 (lab:L7)}
 \markboth{Chapter\ 6\ \ Polynomials}{Solutions: L7}
 \begin{itemize}
 \item[]
 \InputIfFileExists{solutions/lab:L7}{}{No Solution File Found}
 \end{itemize} \hrule
\subsection*{L8 {\footnotesize\hyperref[lab:L8]{(lab:L8)} \normalsize}}
 \addcontentsline{toc}{subsection}{L8 (lab:L8)}
 \markboth{Chapter\ 6\ \ Polynomials}{Solutions: L8}
 \begin{itemize}
 \item[]
 \InputIfFileExists{solutions/lab:L8}{}{No Solution File Found}
 \end{itemize} \hrule
\subsection*{L9 {\footnotesize\hyperref[lab:L9]{(lab:L9)} \normalsize}}
 \addcontentsline{toc}{subsection}{L9 (lab:L9)}
 \markboth{Chapter\ 6\ \ Polynomials}{Solutions: L9}
 \begin{itemize}
 \item[]
 \InputIfFileExists{solutions/lab:L9}{}{No Solution File Found}
 \end{itemize} \hrule
\subsection*{L10 {\footnotesize\hyperref[lab:L10]{(lab:L10)} \normalsize}}
 \addcontentsline{toc}{subsection}{L10 (lab:L10)}
 \markboth{Chapter\ 6\ \ Polynomials}{Solutions: L10}
 \begin{itemize}
 \item[]
 \InputIfFileExists{solutions/lab:L10}{}{No Solution File Found}
 \end{itemize} \hrule
\section*{Section 6.3\ Lab (Twists and Turns)}
\addcontentsline{toc}{section}{Section 6.3\ Lab (Twists and Turns)}
\subsection*{L1 {\footnotesize\hyperref[lab:L1]{(lab:L1)} \normalsize}}
 \addcontentsline{toc}{subsection}{L1 (lab:L1)}
 \markboth{Chapter\ 6\ \ Polynomials}{Solutions: L1}
 \begin{itemize}
 \item[]
 \InputIfFileExists{solutions/lab:L1}{}{No Solution File Found}
 \end{itemize} \hrule
\subsection*{L2 {\footnotesize\hyperref[lab:L2]{(lab:L2)} \normalsize}}
 \addcontentsline{toc}{subsection}{L2 (lab:L2)}
 \markboth{Chapter\ 6\ \ Polynomials}{Solutions: L2}
 \begin{itemize}
 \item[]
 \InputIfFileExists{solutions/lab:L2}{}{No Solution File Found}
 \end{itemize} \hrule
\subsection*{L3 {\footnotesize\hyperref[lab:L3]{(lab:L3)} \normalsize}}
 \addcontentsline{toc}{subsection}{L3 (lab:L3)}
 \markboth{Chapter\ 6\ \ Polynomials}{Solutions: L3}
 \begin{itemize}
 \item[]
 \InputIfFileExists{solutions/lab:L3}{}{No Solution File Found}
 \end{itemize} \hrule
\subsection*{L4 {\footnotesize\hyperref[lab:L4]{(lab:L4)} \normalsize}}
 \addcontentsline{toc}{subsection}{L4 (lab:L4)}
 \markboth{Chapter\ 6\ \ Polynomials}{Solutions: L4}
 \begin{itemize}
 \item[]
 \InputIfFileExists{solutions/lab:L4}{}{No Solution File Found}
 \end{itemize} \hrule
\subsection*{L5 {\footnotesize\hyperref[lab:L5]{(lab:L5)} \normalsize}}
 \addcontentsline{toc}{subsection}{L5 (lab:L5)}
 \markboth{Chapter\ 6\ \ Polynomials}{Solutions: L5}
 \begin{itemize}
 \item[]
 \InputIfFileExists{solutions/lab:L5}{}{No Solution File Found}
 \end{itemize} \hrule
\subsection*{L6 {\footnotesize\hyperref[lab:L6]{(lab:L6)} \normalsize}}
 \addcontentsline{toc}{subsection}{L6 (lab:L6)}
 \markboth{Chapter\ 6\ \ Polynomials}{Solutions: L6}
 \begin{itemize}
 \item[]
 \InputIfFileExists{solutions/lab:L6}{}{No Solution File Found}
 \end{itemize} \hrule
\subsection*{L7 {\footnotesize\hyperref[lab:L7]{(lab:L7)} \normalsize}}
 \addcontentsline{toc}{subsection}{L7 (lab:L7)}
 \markboth{Chapter\ 6\ \ Polynomials}{Solutions: L7}
 \begin{itemize}
 \item[]
 \InputIfFileExists{solutions/lab:L7}{}{No Solution File Found}
 \end{itemize} \hrule
\subsection*{L8 {\footnotesize\hyperref[lab:L8]{(lab:L8)} \normalsize}}
 \addcontentsline{toc}{subsection}{L8 (lab:L8)}
 \markboth{Chapter\ 6\ \ Polynomials}{Solutions: L8}
 \begin{itemize}
 \item[]
 \InputIfFileExists{solutions/lab:L8}{}{No Solution File Found}
 \end{itemize} \hrule
\subsection*{L9 {\footnotesize\hyperref[lab:L9]{(lab:L9)} \normalsize}}
 \addcontentsline{toc}{subsection}{L9 (lab:L9)}
 \markboth{Chapter\ 6\ \ Polynomials}{Solutions: L9}
 \begin{itemize}
 \item[]
 \InputIfFileExists{solutions/lab:L9}{}{No Solution File Found}
 \end{itemize} \hrule
\subsection*{L10 {\footnotesize\hyperref[lab:L10]{(lab:L10)} \normalsize}}
 \addcontentsline{toc}{subsection}{L10 (lab:L10)}
 \markboth{Chapter\ 6\ \ Polynomials}{Solutions: L10}
 \begin{itemize}
 \item[]
 \InputIfFileExists{solutions/lab:L10}{}{No Solution File Found}
 \end{itemize} \hrule
\chapter*{Logarithms}
\addcontentsline{toc}{chapter}{Logarithms}
\section*{Section 7.1\ Lab (3-in-1)}
\addcontentsline{toc}{section}{Section 7.1\ Lab (3-in-1)}
\subsection*{L1 {\footnotesize\hyperref[]{()} \normalsize}}
 \addcontentsline{toc}{subsection}{L1 ()}
 \markboth{Chapter\ 7\ \ Logarithms}{Solutions: L1}
 \begin{itemize}
 \item[]
 \InputIfFileExists{solutions/}{}{No Solution File Found}
 \end{itemize} \hrule
\subsection*{L2 {\footnotesize\hyperref[]{()} \normalsize}}
 \addcontentsline{toc}{subsection}{L2 ()}
 \markboth{Chapter\ 7\ \ Logarithms}{Solutions: L2}
 \begin{itemize}
 \item[]
 \InputIfFileExists{solutions/}{}{No Solution File Found}
 \end{itemize} \hrule
\subsection*{L3 {\footnotesize\hyperref[]{()} \normalsize}}
 \addcontentsline{toc}{subsection}{L3 ()}
 \markboth{Chapter\ 7\ \ Logarithms}{Solutions: L3}
 \begin{itemize}
 \item[]
 \InputIfFileExists{solutions/}{}{No Solution File Found}
 \end{itemize} \hrule
\subsection*{L4 {\footnotesize\hyperref[]{()} \normalsize}}
 \addcontentsline{toc}{subsection}{L4 ()}
 \markboth{Chapter\ 7\ \ Logarithms}{Solutions: L4}
 \begin{itemize}
 \item[]
 \InputIfFileExists{solutions/}{}{No Solution File Found}
 \end{itemize} \hrule
\subsection*{L5 {\footnotesize\hyperref[]{()} \normalsize}}
 \addcontentsline{toc}{subsection}{L5 ()}
 \markboth{Chapter\ 7\ \ Logarithms}{Solutions: L5}
 \begin{itemize}
 \item[]
 \InputIfFileExists{solutions/}{}{No Solution File Found}
 \end{itemize} \hrule
\subsection*{L6 {\footnotesize\hyperref[]{()} \normalsize}}
 \addcontentsline{toc}{subsection}{L6 ()}
 \markboth{Chapter\ 7\ \ Logarithms}{Solutions: L6}
 \begin{itemize}
 \item[]
 \InputIfFileExists{solutions/}{}{No Solution File Found}
 \end{itemize} \hrule
\subsection*{L7 {\footnotesize\hyperref[]{()} \normalsize}}
 \addcontentsline{toc}{subsection}{L7 ()}
 \markboth{Chapter\ 7\ \ Logarithms}{Solutions: L7}
 \begin{itemize}
 \item[]
 \InputIfFileExists{solutions/}{}{No Solution File Found}
 \end{itemize} \hrule
\subsection*{L8 {\footnotesize\hyperref[]{()} \normalsize}}
 \addcontentsline{toc}{subsection}{L8 ()}
 \markboth{Chapter\ 7\ \ Logarithms}{Solutions: L8}
 \begin{itemize}
 \item[]
 \InputIfFileExists{solutions/}{}{No Solution File Found}
 \end{itemize} \hrule
\section*{Section 7.2\ Lab (Money Matters)}
\addcontentsline{toc}{section}{Section 7.2\ Lab (Money Matters)}
\subsection*{L1 {\footnotesize\hyperref[lab:L1]{(lab:L1)} \normalsize}}
 \addcontentsline{toc}{subsection}{L1 (lab:L1)}
 \markboth{Chapter\ 7\ \ Logarithms}{Solutions: L1}
 \begin{itemize}
 \item[]
 \InputIfFileExists{solutions/lab:L1}{}{No Solution File Found}
 \end{itemize} \hrule
\subsection*{L2 {\footnotesize\hyperref[lab:L2]{(lab:L2)} \normalsize}}
 \addcontentsline{toc}{subsection}{L2 (lab:L2)}
 \markboth{Chapter\ 7\ \ Logarithms}{Solutions: L2}
 \begin{itemize}
 \item[]
 \InputIfFileExists{solutions/lab:L2}{}{No Solution File Found}
 \end{itemize} \hrule
\subsection*{L3 {\footnotesize\hyperref[lab:L3]{(lab:L3)} \normalsize}}
 \addcontentsline{toc}{subsection}{L3 (lab:L3)}
 \markboth{Chapter\ 7\ \ Logarithms}{Solutions: L3}
 \begin{itemize}
 \item[]
 \InputIfFileExists{solutions/lab:L3}{}{No Solution File Found}
 \end{itemize} \hrule
\subsection*{L4 {\footnotesize\hyperref[lab:L4]{(lab:L4)} \normalsize}}
 \addcontentsline{toc}{subsection}{L4 (lab:L4)}
 \markboth{Chapter\ 7\ \ Logarithms}{Solutions: L4}
 \begin{itemize}
 \item[]
 \InputIfFileExists{solutions/lab:L4}{}{No Solution File Found}
 \end{itemize} \hrule
\subsection*{L5 {\footnotesize\hyperref[lab:L5]{(lab:L5)} \normalsize}}
 \addcontentsline{toc}{subsection}{L5 (lab:L5)}
 \markboth{Chapter\ 7\ \ Logarithms}{Solutions: L5}
 \begin{itemize}
 \item[]
 \InputIfFileExists{solutions/lab:L5}{}{No Solution File Found}
 \end{itemize} \hrule
\subsection*{L6 {\footnotesize\hyperref[lab:L6]{(lab:L6)} \normalsize}}
 \addcontentsline{toc}{subsection}{L6 (lab:L6)}
 \markboth{Chapter\ 7\ \ Logarithms}{Solutions: L6}
 \begin{itemize}
 \item[]
 \InputIfFileExists{solutions/lab:L6}{}{No Solution File Found}
 \end{itemize} \hrule
\subsection*{L7 {\footnotesize\hyperref[lab:L7]{(lab:L7)} \normalsize}}
 \addcontentsline{toc}{subsection}{L7 (lab:L7)}
 \markboth{Chapter\ 7\ \ Logarithms}{Solutions: L7}
 \begin{itemize}
 \item[]
 \InputIfFileExists{solutions/lab:L7}{}{No Solution File Found}
 \end{itemize} \hrule
\subsection*{L8 {\footnotesize\hyperref[lab:L8]{(lab:L8)} \normalsize}}
 \addcontentsline{toc}{subsection}{L8 (lab:L8)}
 \markboth{Chapter\ 7\ \ Logarithms}{Solutions: L8}
 \begin{itemize}
 \item[]
 \InputIfFileExists{solutions/lab:L8}{}{No Solution File Found}
 \end{itemize} \hrule
\subsection*{L9 {\footnotesize\hyperref[lab:L9]{(lab:L9)} \normalsize}}
 \addcontentsline{toc}{subsection}{L9 (lab:L9)}
 \markboth{Chapter\ 7\ \ Logarithms}{Solutions: L9}
 \begin{itemize}
 \item[]
 \InputIfFileExists{solutions/lab:L9}{}{No Solution File Found}
 \end{itemize} \hrule
\section*{Section 7.3\ Lab (Triangular Tables)}
\addcontentsline{toc}{section}{Section 7.3\ Lab (Triangular Tables)}
\subsection*{L1 {\footnotesize\hyperref[lab:L1]{(lab:L1)} \normalsize}}
 \addcontentsline{toc}{subsection}{L1 (lab:L1)}
 \markboth{Chapter\ 7\ \ Logarithms}{Solutions: L1}
 \begin{itemize}
 \item[]
 \InputIfFileExists{solutions/lab:L1}{}{No Solution File Found}
 \end{itemize} \hrule
\subsection*{L2 {\footnotesize\hyperref[lab:L2]{(lab:L2)} \normalsize}}
 \addcontentsline{toc}{subsection}{L2 (lab:L2)}
 \markboth{Chapter\ 7\ \ Logarithms}{Solutions: L2}
 \begin{itemize}
 \item[]
 \InputIfFileExists{solutions/lab:L2}{}{No Solution File Found}
 \end{itemize} \hrule
\subsection*{L3 {\footnotesize\hyperref[lab:L3]{(lab:L3)} \normalsize}}
 \addcontentsline{toc}{subsection}{L3 (lab:L3)}
 \markboth{Chapter\ 7\ \ Logarithms}{Solutions: L3}
 \begin{itemize}
 \item[]
 \InputIfFileExists{solutions/lab:L3}{}{No Solution File Found}
 \end{itemize} \hrule
\subsection*{L4 {\footnotesize\hyperref[lab:L4]{(lab:L4)} \normalsize}}
 \addcontentsline{toc}{subsection}{L4 (lab:L4)}
 \markboth{Chapter\ 7\ \ Logarithms}{Solutions: L4}
 \begin{itemize}
 \item[]
 \InputIfFileExists{solutions/lab:L4}{}{No Solution File Found}
 \end{itemize} \hrule
\subsection*{L5 {\footnotesize\hyperref[lab:L5]{(lab:L5)} \normalsize}}
 \addcontentsline{toc}{subsection}{L5 (lab:L5)}
 \markboth{Chapter\ 7\ \ Logarithms}{Solutions: L5}
 \begin{itemize}
 \item[]
 \InputIfFileExists{solutions/lab:L5}{}{No Solution File Found}
 \end{itemize} \hrule
\section*{Section 7.4\ Lab (Log Infection)}
\addcontentsline{toc}{section}{Section 7.4\ Lab (Log Infection)}
\subsection*{L1 {\footnotesize\hyperref[lab:L1]{(lab:L1)} \normalsize}}
 \addcontentsline{toc}{subsection}{L1 (lab:L1)}
 \markboth{Chapter\ 7\ \ Logarithms}{Solutions: L1}
 \begin{itemize}
 \item[]
 \InputIfFileExists{solutions/lab:L1}{}{No Solution File Found}
 \end{itemize} \hrule
\subsection*{L2 {\footnotesize\hyperref[lab:L2]{(lab:L2)} \normalsize}}
 \addcontentsline{toc}{subsection}{L2 (lab:L2)}
 \markboth{Chapter\ 7\ \ Logarithms}{Solutions: L2}
 \begin{itemize}
 \item[]
 \InputIfFileExists{solutions/lab:L2}{}{No Solution File Found}
 \end{itemize} \hrule
\subsection*{L3 {\footnotesize\hyperref[lab:L3]{(lab:L3)} \normalsize}}
 \addcontentsline{toc}{subsection}{L3 (lab:L3)}
 \markboth{Chapter\ 7\ \ Logarithms}{Solutions: L3}
 \begin{itemize}
 \item[]
 \InputIfFileExists{solutions/lab:L3}{}{No Solution File Found}
 \end{itemize} \hrule
\subsection*{L4 {\footnotesize\hyperref[lab:L4]{(lab:L4)} \normalsize}}
 \addcontentsline{toc}{subsection}{L4 (lab:L4)}
 \markboth{Chapter\ 7\ \ Logarithms}{Solutions: L4}
 \begin{itemize}
 \item[]
 \InputIfFileExists{solutions/lab:L4}{}{No Solution File Found}
 \end{itemize} \hrule
\subsection*{L5 {\footnotesize\hyperref[lab:L5]{(lab:L5)} \normalsize}}
 \addcontentsline{toc}{subsection}{L5 (lab:L5)}
 \markboth{Chapter\ 7\ \ Logarithms}{Solutions: L5}
 \begin{itemize}
 \item[]
 \InputIfFileExists{solutions/lab:L5}{}{No Solution File Found}
 \end{itemize} \hrule
\subsection*{L6 {\footnotesize\hyperref[lab:L6]{(lab:L6)} \normalsize}}
 \addcontentsline{toc}{subsection}{L6 (lab:L6)}
 \markboth{Chapter\ 7\ \ Logarithms}{Solutions: L6}
 \begin{itemize}
 \item[]
 \InputIfFileExists{solutions/lab:L6}{}{No Solution File Found}
 \end{itemize} \hrule
\subsection*{L7 {\footnotesize\hyperref[lab:L7]{(lab:L7)} \normalsize}}
 \addcontentsline{toc}{subsection}{L7 (lab:L7)}
 \markboth{Chapter\ 7\ \ Logarithms}{Solutions: L7}
 \begin{itemize}
 \item[]
 \InputIfFileExists{solutions/lab:L7}{}{No Solution File Found}
 \end{itemize} \hrule
\chapter*{Infinities}
\addcontentsline{toc}{chapter}{Infinities}
\section*{Section 8.1\ Lab (Magic Number)}
\addcontentsline{toc}{section}{Section 8.1\ Lab (Magic Number)}
\subsection*{L1 {\footnotesize\hyperref[lab:L1]{(lab:L1)} \normalsize}}
 \addcontentsline{toc}{subsection}{L1 (lab:L1)}
 \markboth{Chapter\ 8\ \ Infinities}{Solutions: L1}
 \begin{itemize}
 \item[]
 \InputIfFileExists{solutions/lab:L1}{}{No Solution File Found}
 \end{itemize} \hrule
\subsection*{L2 {\footnotesize\hyperref[lab:L2]{(lab:L2)} \normalsize}}
 \addcontentsline{toc}{subsection}{L2 (lab:L2)}
 \markboth{Chapter\ 8\ \ Infinities}{Solutions: L2}
 \begin{itemize}
 \item[]
 \InputIfFileExists{solutions/lab:L2}{}{No Solution File Found}
 \end{itemize} \hrule
\subsection*{L3 {\footnotesize\hyperref[lab:L3]{(lab:L3)} \normalsize}}
 \addcontentsline{toc}{subsection}{L3 (lab:L3)}
 \markboth{Chapter\ 8\ \ Infinities}{Solutions: L3}
 \begin{itemize}
 \item[]
 \InputIfFileExists{solutions/lab:L3}{}{No Solution File Found}
 \end{itemize} \hrule
\subsection*{L4 {\footnotesize\hyperref[lab:L4]{(lab:L4)} \normalsize}}
 \addcontentsline{toc}{subsection}{L4 (lab:L4)}
 \markboth{Chapter\ 8\ \ Infinities}{Solutions: L4}
 \begin{itemize}
 \item[]
 \InputIfFileExists{solutions/lab:L4}{}{No Solution File Found}
 \end{itemize} \hrule
\subsection*{L5 {\footnotesize\hyperref[lab:L5]{(lab:L5)} \normalsize}}
 \addcontentsline{toc}{subsection}{L5 (lab:L5)}
 \markboth{Chapter\ 8\ \ Infinities}{Solutions: L5}
 \begin{itemize}
 \item[]
 \InputIfFileExists{solutions/lab:L5}{}{No Solution File Found}
 \end{itemize} \hrule
\subsection*{L6 {\footnotesize\hyperref[lab:L6]{(lab:L6)} \normalsize}}
 \addcontentsline{toc}{subsection}{L6 (lab:L6)}
 \markboth{Chapter\ 8\ \ Infinities}{Solutions: L6}
 \begin{itemize}
 \item[]
 \InputIfFileExists{solutions/lab:L6}{}{No Solution File Found}
 \end{itemize} \hrule
\subsection*{L7 {\footnotesize\hyperref[lab:L7]{(lab:L7)} \normalsize}}
 \addcontentsline{toc}{subsection}{L7 (lab:L7)}
 \markboth{Chapter\ 8\ \ Infinities}{Solutions: L7}
 \begin{itemize}
 \item[]
 \InputIfFileExists{solutions/lab:L7}{}{No Solution File Found}
 \end{itemize} \hrule
\subsection*{L8 {\footnotesize\hyperref[lab:L8]{(lab:L8)} \normalsize}}
 \addcontentsline{toc}{subsection}{L8 (lab:L8)}
 \markboth{Chapter\ 8\ \ Infinities}{Solutions: L8}
 \begin{itemize}
 \item[]
 \InputIfFileExists{solutions/lab:L8}{}{No Solution File Found}
 \end{itemize} \hrule
\subsection*{L9 {\footnotesize\hyperref[lab:L9]{(lab:L9)} \normalsize}}
 \addcontentsline{toc}{subsection}{L9 (lab:L9)}
 \markboth{Chapter\ 8\ \ Infinities}{Solutions: L9}
 \begin{itemize}
 \item[]
 \InputIfFileExists{solutions/lab:L9}{}{No Solution File Found}
 \end{itemize} \hrule
\subsection*{L10 {\footnotesize\hyperref[lab:L10]{(lab:L10)} \normalsize}}
 \addcontentsline{toc}{subsection}{L10 (lab:L10)}
 \markboth{Chapter\ 8\ \ Infinities}{Solutions: L10}
 \begin{itemize}
 \item[]
 \InputIfFileExists{solutions/lab:L10}{}{No Solution File Found}
 \end{itemize} \hrule
\section*{Section 8.2\ Lab (It Don't Stop)}
\addcontentsline{toc}{section}{Section 8.2\ Lab (It Don't Stop)}
\subsection*{L1 {\footnotesize\hyperref[lab:L1]{(lab:L1)} \normalsize}}
 \addcontentsline{toc}{subsection}{L1 (lab:L1)}
 \markboth{Chapter\ 8\ \ Infinities}{Solutions: L1}
 \begin{itemize}
 \item[]
 \InputIfFileExists{solutions/lab:L1}{}{No Solution File Found}
 \end{itemize} \hrule
\subsection*{L2 {\footnotesize\hyperref[lab:L2]{(lab:L2)} \normalsize}}
 \addcontentsline{toc}{subsection}{L2 (lab:L2)}
 \markboth{Chapter\ 8\ \ Infinities}{Solutions: L2}
 \begin{itemize}
 \item[]
 \InputIfFileExists{solutions/lab:L2}{}{No Solution File Found}
 \end{itemize} \hrule
\subsection*{L3 {\footnotesize\hyperref[lab:L3]{(lab:L3)} \normalsize}}
 \addcontentsline{toc}{subsection}{L3 (lab:L3)}
 \markboth{Chapter\ 8\ \ Infinities}{Solutions: L3}
 \begin{itemize}
 \item[]
 \InputIfFileExists{solutions/lab:L3}{}{No Solution File Found}
 \end{itemize} \hrule
\subsection*{L4 {\footnotesize\hyperref[lab:L4]{(lab:L4)} \normalsize}}
 \addcontentsline{toc}{subsection}{L4 (lab:L4)}
 \markboth{Chapter\ 8\ \ Infinities}{Solutions: L4}
 \begin{itemize}
 \item[]
 \InputIfFileExists{solutions/lab:L4}{}{No Solution File Found}
 \end{itemize} \hrule
\subsection*{L5 {\footnotesize\hyperref[lab:L5]{(lab:L5)} \normalsize}}
 \addcontentsline{toc}{subsection}{L5 (lab:L5)}
 \markboth{Chapter\ 8\ \ Infinities}{Solutions: L5}
 \begin{itemize}
 \item[]
 \InputIfFileExists{solutions/lab:L5}{}{No Solution File Found}
 \end{itemize} \hrule
\subsection*{L6 {\footnotesize\hyperref[lab:L6]{(lab:L6)} \normalsize}}
 \addcontentsline{toc}{subsection}{L6 (lab:L6)}
 \markboth{Chapter\ 8\ \ Infinities}{Solutions: L6}
 \begin{itemize}
 \item[]
 \InputIfFileExists{solutions/lab:L6}{}{No Solution File Found}
 \end{itemize} \hrule
\subsection*{L7 {\footnotesize\hyperref[lab:L7]{(lab:L7)} \normalsize}}
 \addcontentsline{toc}{subsection}{L7 (lab:L7)}
 \markboth{Chapter\ 8\ \ Infinities}{Solutions: L7}
 \begin{itemize}
 \item[]
 \InputIfFileExists{solutions/lab:L7}{}{No Solution File Found}
 \end{itemize} \hrule
\section*{Section 8.2\ Exercises}
\addcontentsline{toc}{section}{Section 8.2\ Exercises}
\subsection*{P8 {\footnotesize\hyperref[0802Hotel]{(0802Hotel)} \normalsize}}
 \addcontentsline{toc}{subsection}{P8 (0802Hotel)}
 \markboth{Chapter\ 8\ \ Infinities}{Solutions: P8}
 \begin{itemize}
 \item[]
 \InputIfFileExists{solutions/0802Hotel}{}{No Solution File Found}
 \end{itemize} \hrule
\subsection*{P9 {\footnotesize\hyperref[0802BFF]{(0802BFF)} \normalsize}}
 \addcontentsline{toc}{subsection}{P9 (0802BFF)}
 \markboth{Chapter\ 8\ \ Infinities}{Solutions: P9}
 \begin{itemize}
 \item[]
 \InputIfFileExists{solutions/0802BFF}{}{No Solution File Found}
 \end{itemize} \hrule
\subsection*{P10 {\footnotesize\hyperref[0802Grandi]{(0802Grandi)} \normalsize}}
 \addcontentsline{toc}{subsection}{P10 (0802Grandi)}
 \markboth{Chapter\ 8\ \ Infinities}{Solutions: P10}
 \begin{itemize}
 \item[]
 \InputIfFileExists{solutions/0802Grandi}{}{No Solution File Found}
 \end{itemize} \hrule
\subsection*{P11 {\footnotesize\hyperref[0802Gabriel]{(0802Gabriel)} \normalsize}}
 \addcontentsline{toc}{subsection}{P11 (0802Gabriel)}
 \markboth{Chapter\ 8\ \ Infinities}{Solutions: P11}
 \begin{itemize}
 \item[]
 \InputIfFileExists{solutions/0802Gabriel}{}{No Solution File Found}
 \end{itemize} \hrule
\subsection*{P12 {\footnotesize\hyperref[0802Primes]{(0802Primes)} \normalsize}}
 \addcontentsline{toc}{subsection}{P12 (0802Primes)}
 \markboth{Chapter\ 8\ \ Infinities}{Solutions: P12}
 \begin{itemize}
 \item[]
 \InputIfFileExists{solutions/0802Primes}{}{No Solution File Found}
 \end{itemize} \hrule
\subsection*{P13 {\footnotesize\hyperref[0802Power]{(0802Power)} \normalsize}}
 \addcontentsline{toc}{subsection}{P13 (0802Power)}
 \markboth{Chapter\ 8\ \ Infinities}{Solutions: P13}
 \begin{itemize}
 \item[]
 \InputIfFileExists{solutions/0802Power}{}{No Solution File Found}
 \end{itemize} \hrule
\subsection*{P14 {\footnotesize\hyperref[0802Aleph2]{(0802Aleph2)} \normalsize}}
 \addcontentsline{toc}{subsection}{P14 (0802Aleph2)}
 \markboth{Chapter\ 8\ \ Infinities}{Solutions: P14}
 \begin{itemize}
 \item[]
 \InputIfFileExists{solutions/0802Aleph2}{}{No Solution File Found}
 \end{itemize} \hrule
\section*{Section 8.3\ Lab (Inverse of e)}
\addcontentsline{toc}{section}{Section 8.3\ Lab (Inverse of e)}
\subsection*{L1 {\footnotesize\hyperref[lab:L1]{(lab:L1)} \normalsize}}
 \addcontentsline{toc}{subsection}{L1 (lab:L1)}
 \markboth{Chapter\ 8\ \ Infinities}{Solutions: L1}
 \begin{itemize}
 \item[]
 \InputIfFileExists{solutions/lab:L1}{}{No Solution File Found}
 \end{itemize} \hrule
\subsection*{L2 {\footnotesize\hyperref[lab:L2]{(lab:L2)} \normalsize}}
 \addcontentsline{toc}{subsection}{L2 (lab:L2)}
 \markboth{Chapter\ 8\ \ Infinities}{Solutions: L2}
 \begin{itemize}
 \item[]
 \InputIfFileExists{solutions/lab:L2}{}{No Solution File Found}
 \end{itemize} \hrule
\subsection*{L3 {\footnotesize\hyperref[lab:L3]{(lab:L3)} \normalsize}}
 \addcontentsline{toc}{subsection}{L3 (lab:L3)}
 \markboth{Chapter\ 8\ \ Infinities}{Solutions: L3}
 \begin{itemize}
 \item[]
 \InputIfFileExists{solutions/lab:L3}{}{No Solution File Found}
 \end{itemize} \hrule
\subsection*{L4 {\footnotesize\hyperref[lab:L4]{(lab:L4)} \normalsize}}
 \addcontentsline{toc}{subsection}{L4 (lab:L4)}
 \markboth{Chapter\ 8\ \ Infinities}{Solutions: L4}
 \begin{itemize}
 \item[]
 \InputIfFileExists{solutions/lab:L4}{}{No Solution File Found}
 \end{itemize} \hrule
\subsection*{L5 {\footnotesize\hyperref[lab:L5]{(lab:L5)} \normalsize}}
 \addcontentsline{toc}{subsection}{L5 (lab:L5)}
 \markboth{Chapter\ 8\ \ Infinities}{Solutions: L5}
 \begin{itemize}
 \item[]
 \InputIfFileExists{solutions/lab:L5}{}{No Solution File Found}
 \end{itemize} \hrule
\subsection*{L6 {\footnotesize\hyperref[lab:L6]{(lab:L6)} \normalsize}}
 \addcontentsline{toc}{subsection}{L6 (lab:L6)}
 \markboth{Chapter\ 8\ \ Infinities}{Solutions: L6}
 \begin{itemize}
 \item[]
 \InputIfFileExists{solutions/lab:L6}{}{No Solution File Found}
 \end{itemize} \hrule
\subsection*{L7 {\footnotesize\hyperref[lab:L7]{(lab:L7)} \normalsize}}
 \addcontentsline{toc}{subsection}{L7 (lab:L7)}
 \markboth{Chapter\ 8\ \ Infinities}{Solutions: L7}
 \begin{itemize}
 \item[]
 \InputIfFileExists{solutions/lab:L7}{}{No Solution File Found}
 \end{itemize} \hrule
\subsection*{L8 {\footnotesize\hyperref[lab:L8]{(lab:L8)} \normalsize}}
 \addcontentsline{toc}{subsection}{L8 (lab:L8)}
 \markboth{Chapter\ 8\ \ Infinities}{Solutions: L8}
 \begin{itemize}
 \item[]
 \InputIfFileExists{solutions/lab:L8}{}{No Solution File Found}
 \end{itemize} \hrule
\section*{Section 8.4\ Lab (Limits by Derivative)}
\addcontentsline{toc}{section}{Section 8.4\ Lab (Limits by Derivative)}
\subsection*{L1 {\footnotesize\hyperref[lab:L1]{(lab:L1)} \normalsize}}
 \addcontentsline{toc}{subsection}{L1 (lab:L1)}
 \markboth{Chapter\ 8\ \ Infinities}{Solutions: L1}
 \begin{itemize}
 \item[]
 \InputIfFileExists{solutions/lab:L1}{}{No Solution File Found}
 \end{itemize} \hrule
\subsection*{L2 {\footnotesize\hyperref[lab:L2]{(lab:L2)} \normalsize}}
 \addcontentsline{toc}{subsection}{L2 (lab:L2)}
 \markboth{Chapter\ 8\ \ Infinities}{Solutions: L2}
 \begin{itemize}
 \item[]
 \InputIfFileExists{solutions/lab:L2}{}{No Solution File Found}
 \end{itemize} \hrule
\subsection*{L3 {\footnotesize\hyperref[lab:L3]{(lab:L3)} \normalsize}}
 \addcontentsline{toc}{subsection}{L3 (lab:L3)}
 \markboth{Chapter\ 8\ \ Infinities}{Solutions: L3}
 \begin{itemize}
 \item[]
 \InputIfFileExists{solutions/lab:L3}{}{No Solution File Found}
 \end{itemize} \hrule
\subsection*{L4 {\footnotesize\hyperref[lab:L4]{(lab:L4)} \normalsize}}
 \addcontentsline{toc}{subsection}{L4 (lab:L4)}
 \markboth{Chapter\ 8\ \ Infinities}{Solutions: L4}
 \begin{itemize}
 \item[]
 \InputIfFileExists{solutions/lab:L4}{}{No Solution File Found}
 \end{itemize} \hrule
\subsection*{L5 {\footnotesize\hyperref[lab:L5]{(lab:L5)} \normalsize}}
 \addcontentsline{toc}{subsection}{L5 (lab:L5)}
 \markboth{Chapter\ 8\ \ Infinities}{Solutions: L5}
 \begin{itemize}
 \item[]
 \InputIfFileExists{solutions/lab:L5}{}{No Solution File Found}
 \end{itemize} \hrule
\subsection*{L6 {\footnotesize\hyperref[lab:L6]{(lab:L6)} \normalsize}}
 \addcontentsline{toc}{subsection}{L6 (lab:L6)}
 \markboth{Chapter\ 8\ \ Infinities}{Solutions: L6}
 \begin{itemize}
 \item[]
 \InputIfFileExists{solutions/lab:L6}{}{No Solution File Found}
 \end{itemize} \hrule
\subsection*{L7 {\footnotesize\hyperref[lab:L7]{(lab:L7)} \normalsize}}
 \addcontentsline{toc}{subsection}{L7 (lab:L7)}
 \markboth{Chapter\ 8\ \ Infinities}{Solutions: L7}
 \begin{itemize}
 \item[]
 \InputIfFileExists{solutions/lab:L7}{}{No Solution File Found}
 \end{itemize} \hrule
\subsection*{L8 {\footnotesize\hyperref[lab:L8]{(lab:L8)} \normalsize}}
 \addcontentsline{toc}{subsection}{L8 (lab:L8)}
 \markboth{Chapter\ 8\ \ Infinities}{Solutions: L8}
 \begin{itemize}
 \item[]
 \InputIfFileExists{solutions/lab:L8}{}{No Solution File Found}
 \end{itemize} \hrule
\section*{Section 8.5\ Lab (To Infinity, and Beyond)}
\addcontentsline{toc}{section}{Section 8.5\ Lab (To Infinity, and Beyond)}
\subsection*{L1 {\footnotesize\hyperref[lab:L1]{(lab:L1)} \normalsize}}
 \addcontentsline{toc}{subsection}{L1 (lab:L1)}
 \markboth{Chapter\ 8\ \ Infinities}{Solutions: L1}
 \begin{itemize}
 \item[]
 \InputIfFileExists{solutions/lab:L1}{}{No Solution File Found}
 \end{itemize} \hrule
\subsection*{L2 {\footnotesize\hyperref[lab:L2]{(lab:L2)} \normalsize}}
 \addcontentsline{toc}{subsection}{L2 (lab:L2)}
 \markboth{Chapter\ 8\ \ Infinities}{Solutions: L2}
 \begin{itemize}
 \item[]
 \InputIfFileExists{solutions/lab:L2}{}{No Solution File Found}
 \end{itemize} \hrule
\subsection*{L3 {\footnotesize\hyperref[lab:L3]{(lab:L3)} \normalsize}}
 \addcontentsline{toc}{subsection}{L3 (lab:L3)}
 \markboth{Chapter\ 8\ \ Infinities}{Solutions: L3}
 \begin{itemize}
 \item[]
 \InputIfFileExists{solutions/lab:L3}{}{No Solution File Found}
 \end{itemize} \hrule
\subsection*{L4 {\footnotesize\hyperref[lab:L4]{(lab:L4)} \normalsize}}
 \addcontentsline{toc}{subsection}{L4 (lab:L4)}
 \markboth{Chapter\ 8\ \ Infinities}{Solutions: L4}
 \begin{itemize}
 \item[]
 \InputIfFileExists{solutions/lab:L4}{}{No Solution File Found}
 \end{itemize} \hrule
\subsection*{L5 {\footnotesize\hyperref[lab:L5]{(lab:L5)} \normalsize}}
 \addcontentsline{toc}{subsection}{L5 (lab:L5)}
 \markboth{Chapter\ 8\ \ Infinities}{Solutions: L5}
 \begin{itemize}
 \item[]
 \InputIfFileExists{solutions/lab:L5}{}{No Solution File Found}
 \end{itemize} \hrule
\subsection*{L6 {\footnotesize\hyperref[lab:L6]{(lab:L6)} \normalsize}}
 \addcontentsline{toc}{subsection}{L6 (lab:L6)}
 \markboth{Chapter\ 8\ \ Infinities}{Solutions: L6}
 \begin{itemize}
 \item[]
 \InputIfFileExists{solutions/lab:L6}{}{No Solution File Found}
 \end{itemize} \hrule
\chapter*{Circles}
\addcontentsline{toc}{chapter}{Circles}
\chapter*{Identities}
\addcontentsline{toc}{chapter}{Identities}
\section*{Section 10.3\ Lab (Cosine, cosine, sine, sine)}
\addcontentsline{toc}{section}{Section 10.3\ Lab (Cosine, cosine, sine, sine)}
\subsection*{L1 {\footnotesize\hyperref[lab:L1]{(lab:L1)} \normalsize}}
 \addcontentsline{toc}{subsection}{L1 (lab:L1)}
 \markboth{Chapter\ 10\ \ Identities}{Solutions: L1}
 \begin{itemize}
 \item[]
 \InputIfFileExists{solutions/lab:L1}{}{No Solution File Found}
 \end{itemize} \hrule
\subsection*{L2 {\footnotesize\hyperref[lab:L2]{(lab:L2)} \normalsize}}
 \addcontentsline{toc}{subsection}{L2 (lab:L2)}
 \markboth{Chapter\ 10\ \ Identities}{Solutions: L2}
 \begin{itemize}
 \item[]
 \InputIfFileExists{solutions/lab:L2}{}{No Solution File Found}
 \end{itemize} \hrule
\subsection*{L3 {\footnotesize\hyperref[lab:L3]{(lab:L3)} \normalsize}}
 \addcontentsline{toc}{subsection}{L3 (lab:L3)}
 \markboth{Chapter\ 10\ \ Identities}{Solutions: L3}
 \begin{itemize}
 \item[]
 \InputIfFileExists{solutions/lab:L3}{}{No Solution File Found}
 \end{itemize} \hrule
\subsection*{L4 {\footnotesize\hyperref[lab:L4]{(lab:L4)} \normalsize}}
 \addcontentsline{toc}{subsection}{L4 (lab:L4)}
 \markboth{Chapter\ 10\ \ Identities}{Solutions: L4}
 \begin{itemize}
 \item[]
 \InputIfFileExists{solutions/lab:L4}{}{No Solution File Found}
 \end{itemize} \hrule
\subsection*{L5 {\footnotesize\hyperref[lab:L5]{(lab:L5)} \normalsize}}
 \addcontentsline{toc}{subsection}{L5 (lab:L5)}
 \markboth{Chapter\ 10\ \ Identities}{Solutions: L5}
 \begin{itemize}
 \item[]
 \InputIfFileExists{solutions/lab:L5}{}{No Solution File Found}
 \end{itemize} \hrule
\subsection*{L6 {\footnotesize\hyperref[lab:L6]{(lab:L6)} \normalsize}}
 \addcontentsline{toc}{subsection}{L6 (lab:L6)}
 \markboth{Chapter\ 10\ \ Identities}{Solutions: L6}
 \begin{itemize}
 \item[]
 \InputIfFileExists{solutions/lab:L6}{}{No Solution File Found}
 \end{itemize} \hrule
\subsection*{L7 {\footnotesize\hyperref[lab:L7]{(lab:L7)} \normalsize}}
 \addcontentsline{toc}{subsection}{L7 (lab:L7)}
 \markboth{Chapter\ 10\ \ Identities}{Solutions: L7}
 \begin{itemize}
 \item[]
 \InputIfFileExists{solutions/lab:L7}{}{No Solution File Found}
 \end{itemize} \hrule
\subsection*{L8 {\footnotesize\hyperref[lab:L8]{(lab:L8)} \normalsize}}
 \addcontentsline{toc}{subsection}{L8 (lab:L8)}
 \markboth{Chapter\ 10\ \ Identities}{Solutions: L8}
 \begin{itemize}
 \item[]
 \InputIfFileExists{solutions/lab:L8}{}{No Solution File Found}
 \end{itemize} \hrule
\subsection*{L9 {\footnotesize\hyperref[lab:L9]{(lab:L9)} \normalsize}}
 \addcontentsline{toc}{subsection}{L9 (lab:L9)}
 \markboth{Chapter\ 10\ \ Identities}{Solutions: L9}
 \begin{itemize}
 \item[]
 \InputIfFileExists{solutions/lab:L9}{}{No Solution File Found}
 \end{itemize} \hrule
\subsection*{L10 {\footnotesize\hyperref[lab:L10]{(lab:L10)} \normalsize}}
 \addcontentsline{toc}{subsection}{L10 (lab:L10)}
 \markboth{Chapter\ 10\ \ Identities}{Solutions: L10}
 \begin{itemize}
 \item[]
 \InputIfFileExists{solutions/lab:L10}{}{No Solution File Found}
 \end{itemize} \hrule
\subsection*{L11 {\footnotesize\hyperref[lab:L11]{(lab:L11)} \normalsize}}
 \addcontentsline{toc}{subsection}{L11 (lab:L11)}
 \markboth{Chapter\ 10\ \ Identities}{Solutions: L11}
 \begin{itemize}
 \item[]
 \InputIfFileExists{solutions/lab:L11}{}{No Solution File Found}
 \end{itemize} \hrule
\chapter*{Triangles}
\addcontentsline{toc}{chapter}{Triangles}
\chapter*{Polar}
\addcontentsline{toc}{chapter}{Polar}
\chapter*{Regressions}
\addcontentsline{toc}{chapter}{Regressions}
\chapter*{Probabilities}
\addcontentsline{toc}{chapter}{Probabilities}
\chapter*{Sequences}
\addcontentsline{toc}{chapter}{Sequences}
\chapter*{Radices}
\addcontentsline{toc}{chapter}{Radices}
\section*{Section 16.1\ Exercises}
\addcontentsline{toc}{section}{Section 16.1\ Exercises}
\subsection*{P1 {\footnotesize\hyperref[probP1]{(probP1)} \normalsize}}
 \addcontentsline{toc}{subsection}{P1 (probP1)}
 \markboth{Chapter\ 16\ \ Radices}{Solutions: P1}
 \begin{itemize}
 \item[]
 \InputIfFileExists{solutions/probP1}{}{No Solution File Found}
 \end{itemize} \hrule
\subsection*{P2 {\footnotesize\hyperref[probP2]{(probP2)} \normalsize}}
 \addcontentsline{toc}{subsection}{P2 (probP2)}
 \markboth{Chapter\ 16\ \ Radices}{Solutions: P2}
 \begin{itemize}
 \item[]
 \InputIfFileExists{solutions/probP2}{}{No Solution File Found}
 \end{itemize} \hrule
\subsection*{P3 {\footnotesize\hyperref[probP3]{(probP3)} \normalsize}}
 \addcontentsline{toc}{subsection}{P3 (probP3)}
 \markboth{Chapter\ 16\ \ Radices}{Solutions: P3}
 \begin{itemize}
 \item[]
 \InputIfFileExists{solutions/probP3}{}{No Solution File Found}
 \end{itemize} \hrule
\chapter*{Prerequisites}
\addcontentsline{toc}{chapter}{Prerequisites}
\section*{Section A.1\ Exercises}
\addcontentsline{toc}{section}{Section A.1\ Exercises}
\subsection*{P1 {\footnotesize\hyperref[AASet1]{(AASet1)} \normalsize}}
 \addcontentsline{toc}{subsection}{P1 (AASet1)}
 \markboth{Chapter\ A\ \ Prerequisites}{Solutions: P1}
 \begin{itemize}
 \item[]
 \InputIfFileExists{solutions/AASet1}{}{No Solution File Found}
 \end{itemize} \hrule
\subsection*{P2 {\footnotesize\hyperref[AASet2]{(AASet2)} \normalsize}}
 \addcontentsline{toc}{subsection}{P2 (AASet2)}
 \markboth{Chapter\ A\ \ Prerequisites}{Solutions: P2}
 \begin{itemize}
 \item[]
 \InputIfFileExists{solutions/AASet2}{}{No Solution File Found}
 \end{itemize} \hrule
\section*{Section A.2\ Exercises}
\addcontentsline{toc}{section}{Section A.2\ Exercises}
\subsection*{P1 {\footnotesize\hyperref[probP1]{(probP1)} \normalsize}}
 \addcontentsline{toc}{subsection}{P1 (probP1)}
 \markboth{Chapter\ A\ \ Prerequisites}{Solutions: P1}
 \begin{itemize}
 \item[]
 \InputIfFileExists{solutions/probP1}{}{No Solution File Found}
 \end{itemize} \hrule
\subsection*{P2 {\footnotesize\hyperref[probP2]{(probP2)} \normalsize}}
 \addcontentsline{toc}{subsection}{P2 (probP2)}
 \markboth{Chapter\ A\ \ Prerequisites}{Solutions: P2}
 \begin{itemize}
 \item[]
 \InputIfFileExists{solutions/probP2}{}{No Solution File Found}
 \end{itemize} \hrule
\subsection*{P3 {\footnotesize\hyperref[probP3]{(probP3)} \normalsize}}
 \addcontentsline{toc}{subsection}{P3 (probP3)}
 \markboth{Chapter\ A\ \ Prerequisites}{Solutions: P3}
 \begin{itemize}
 \item[]
 \InputIfFileExists{solutions/probP3}{}{No Solution File Found}
 \end{itemize} \hrule
\subsection*{P4 {\footnotesize\hyperref[probP4]{(probP4)} \normalsize}}
 \addcontentsline{toc}{subsection}{P4 (probP4)}
 \markboth{Chapter\ A\ \ Prerequisites}{Solutions: P4}
 \begin{itemize}
 \item[]
 \InputIfFileExists{solutions/probP4}{}{No Solution File Found}
 \end{itemize} \hrule
\subsection*{P5 {\footnotesize\hyperref[probP5]{(probP5)} \normalsize}}
 \addcontentsline{toc}{subsection}{P5 (probP5)}
 \markboth{Chapter\ A\ \ Prerequisites}{Solutions: P5}
 \begin{itemize}
 \item[]
 \InputIfFileExists{solutions/probP5}{}{No Solution File Found}
 \end{itemize} \hrule
\subsection*{P6 {\footnotesize\hyperref[probP6]{(probP6)} \normalsize}}
 \addcontentsline{toc}{subsection}{P6 (probP6)}
 \markboth{Chapter\ A\ \ Prerequisites}{Solutions: P6}
 \begin{itemize}
 \item[]
 \InputIfFileExists{solutions/probP6}{}{No Solution File Found}
 \end{itemize} \hrule
\section*{Section A.3\ Exercises}
\addcontentsline{toc}{section}{Section A.3\ Exercises}
\subsection*{P1 {\footnotesize\hyperref[probP1]{(probP1)} \normalsize}}
 \addcontentsline{toc}{subsection}{P1 (probP1)}
 \markboth{Chapter\ A\ \ Prerequisites}{Solutions: P1}
 \begin{itemize}
 \item[]
 \InputIfFileExists{solutions/probP1}{}{No Solution File Found}
 \end{itemize} \hrule
\subsection*{P2 {\footnotesize\hyperref[probP2]{(probP2)} \normalsize}}
 \addcontentsline{toc}{subsection}{P2 (probP2)}
 \markboth{Chapter\ A\ \ Prerequisites}{Solutions: P2}
 \begin{itemize}
 \item[]
 \InputIfFileExists{solutions/probP2}{}{No Solution File Found}
 \end{itemize} \hrule
\subsection*{P3 {\footnotesize\hyperref[probP3]{(probP3)} \normalsize}}
 \addcontentsline{toc}{subsection}{P3 (probP3)}
 \markboth{Chapter\ A\ \ Prerequisites}{Solutions: P3}
 \begin{itemize}
 \item[]
 \InputIfFileExists{solutions/probP3}{}{No Solution File Found}
 \end{itemize} \hrule
\subsection*{P4 {\footnotesize\hyperref[probP4]{(probP4)} \normalsize}}
 \addcontentsline{toc}{subsection}{P4 (probP4)}
 \markboth{Chapter\ A\ \ Prerequisites}{Solutions: P4}
 \begin{itemize}
 \item[]
 \InputIfFileExists{solutions/probP4}{}{No Solution File Found}
 \end{itemize} \hrule
\subsection*{P5 {\footnotesize\hyperref[probP5]{(probP5)} \normalsize}}
 \addcontentsline{toc}{subsection}{P5 (probP5)}
 \markboth{Chapter\ A\ \ Prerequisites}{Solutions: P5}
 \begin{itemize}
 \item[]
 \InputIfFileExists{solutions/probP5}{}{No Solution File Found}
 \end{itemize} \hrule
\subsection*{P6 {\footnotesize\hyperref[probP6]{(probP6)} \normalsize}}
 \addcontentsline{toc}{subsection}{P6 (probP6)}
 \markboth{Chapter\ A\ \ Prerequisites}{Solutions: P6}
 \begin{itemize}
 \item[]
 \InputIfFileExists{solutions/probP6}{}{No Solution File Found}
 \end{itemize} \hrule
\subsection*{P7 {\footnotesize\hyperref[probP7]{(probP7)} \normalsize}}
 \addcontentsline{toc}{subsection}{P7 (probP7)}
 \markboth{Chapter\ A\ \ Prerequisites}{Solutions: P7}
 \begin{itemize}
 \item[]
 \InputIfFileExists{solutions/probP7}{}{No Solution File Found}
 \end{itemize} \hrule
\subsection*{P8 {\footnotesize\hyperref[probP8]{(probP8)} \normalsize}}
 \addcontentsline{toc}{subsection}{P8 (probP8)}
 \markboth{Chapter\ A\ \ Prerequisites}{Solutions: P8}
 \begin{itemize}
 \item[]
 \InputIfFileExists{solutions/probP8}{}{No Solution File Found}
 \end{itemize} \hrule
\subsection*{P9 {\footnotesize\hyperref[probP9]{(probP9)} \normalsize}}
 \addcontentsline{toc}{subsection}{P9 (probP9)}
 \markboth{Chapter\ A\ \ Prerequisites}{Solutions: P9}
 \begin{itemize}
 \item[]
 \InputIfFileExists{solutions/probP9}{}{No Solution File Found}
 \end{itemize} \hrule
\subsection*{P10 {\footnotesize\hyperref[probP10]{(probP10)} \normalsize}}
 \addcontentsline{toc}{subsection}{P10 (probP10)}
 \markboth{Chapter\ A\ \ Prerequisites}{Solutions: P10}
 \begin{itemize}
 \item[]
 \InputIfFileExists{solutions/probP10}{}{No Solution File Found}
 \end{itemize} \hrule
\subsection*{P11 {\footnotesize\hyperref[probP11]{(probP11)} \normalsize}}
 \addcontentsline{toc}{subsection}{P11 (probP11)}
 \markboth{Chapter\ A\ \ Prerequisites}{Solutions: P11}
 \begin{itemize}
 \item[]
 \InputIfFileExists{solutions/probP11}{}{No Solution File Found}
 \end{itemize} \hrule
\section*{Section A.4\ Exercises}
\addcontentsline{toc}{section}{Section A.4\ Exercises}
\subsection*{P1 {\footnotesize\hyperref[probP1]{(probP1)} \normalsize}}
 \addcontentsline{toc}{subsection}{P1 (probP1)}
 \markboth{Chapter\ A\ \ Prerequisites}{Solutions: P1}
 \begin{itemize}
 \item[]
 \InputIfFileExists{solutions/probP1}{}{No Solution File Found}
 \end{itemize} \hrule
\subsection*{P2 {\footnotesize\hyperref[probP2]{(probP2)} \normalsize}}
 \addcontentsline{toc}{subsection}{P2 (probP2)}
 \markboth{Chapter\ A\ \ Prerequisites}{Solutions: P2}
 \begin{itemize}
 \item[]
 \InputIfFileExists{solutions/probP2}{}{No Solution File Found}
 \end{itemize} \hrule
\subsection*{P3 {\footnotesize\hyperref[probP3]{(probP3)} \normalsize}}
 \addcontentsline{toc}{subsection}{P3 (probP3)}
 \markboth{Chapter\ A\ \ Prerequisites}{Solutions: P3}
 \begin{itemize}
 \item[]
 \InputIfFileExists{solutions/probP3}{}{No Solution File Found}
 \end{itemize} \hrule
\subsection*{P4 {\footnotesize\hyperref[probP4]{(probP4)} \normalsize}}
 \addcontentsline{toc}{subsection}{P4 (probP4)}
 \markboth{Chapter\ A\ \ Prerequisites}{Solutions: P4}
 \begin{itemize}
 \item[]
 \InputIfFileExists{solutions/probP4}{}{No Solution File Found}
 \end{itemize} \hrule
\subsection*{P5 {\footnotesize\hyperref[probP5]{(probP5)} \normalsize}}
 \addcontentsline{toc}{subsection}{P5 (probP5)}
 \markboth{Chapter\ A\ \ Prerequisites}{Solutions: P5}
 \begin{itemize}
 \item[]
 \InputIfFileExists{solutions/probP5}{}{No Solution File Found}
 \end{itemize} \hrule
\subsection*{P6 {\footnotesize\hyperref[probP6]{(probP6)} \normalsize}}
 \addcontentsline{toc}{subsection}{P6 (probP6)}
 \markboth{Chapter\ A\ \ Prerequisites}{Solutions: P6}
 \begin{itemize}
 \item[]
 \InputIfFileExists{solutions/probP6}{}{No Solution File Found}
 \end{itemize} \hrule
\section*{Section A.6\ Exercises}
\addcontentsline{toc}{section}{Section A.6\ Exercises}
\subsection*{P1 {\footnotesize\hyperref[probP1]{(probP1)} \normalsize}}
 \addcontentsline{toc}{subsection}{P1 (probP1)}
 \markboth{Chapter\ A\ \ Prerequisites}{Solutions: P1}
 \begin{itemize}
 \item[]
 \InputIfFileExists{solutions/probP1}{}{No Solution File Found}
 \end{itemize} \hrule
\subsection*{P2 {\footnotesize\hyperref[probP2]{(probP2)} \normalsize}}
 \addcontentsline{toc}{subsection}{P2 (probP2)}
 \markboth{Chapter\ A\ \ Prerequisites}{Solutions: P2}
 \begin{itemize}
 \item[]
 \InputIfFileExists{solutions/probP2}{}{No Solution File Found}
 \end{itemize} \hrule
\chapter*{Matrices}
\addcontentsline{toc}{chapter}{Matrices}
\chapter*{Vectors}
\addcontentsline{toc}{chapter}{Vectors}
\chapter*{Conics}
\addcontentsline{toc}{chapter}{Conics}
\chapter*{Solutions}
\addcontentsline{toc}{chapter}{Solutions}
\chapter*{Bibliography}
\addcontentsline{toc}{chapter}{Bibliography}
